<?xml version="1.0" encoding="utf-8"?>
<Project ToolsVersion="4.0" xmlns="http://schemas.microsoft.com/developer/msbuild/2003">
  <ItemGroup>
    <None Include="Readme.txt" />
  </ItemGroup>
  <ItemGroup>
    <ClCompile Include="src\DDXQuantity.cpp" />
    <ClCompile Include="src\DoubleEdit.cpp" />
    <ClCompile Include="src\StdAfx.cpp" />
    <ClCompile Include="h\moc_DDXQuantity.cpp" />
  </ItemGroup>
  <ItemGroup>
    <ClInclude Include="h\DoubleEdit.h" />
    <ClInclude Include="h\StdAfx.h" />
  </ItemGroup>
  <ItemGroup>
    <CustomBuild Include="h\DDXQuantity.h" />
  </ItemGroup>
</Project>