<?xml version="1.0" encoding="utf-8"?>
<Project ToolsVersion="4.0" xmlns="http://schemas.microsoft.com/developer/msbuild/2003">
  <ItemGroup>
    <ClInclude Include="h\Acceleration.h" />
    <ClInclude Include="h\AngleQuantity.h" />
    <ClInclude Include="h\CDependenciesManager.h" />
    <ClInclude Include="h\CohesionQuantity.h" />
    <ClInclude Include="h\CompressibilityQuantity.h" />
    <ClInclude Include="h\CrackOpeningQuantity.h" />
    <ClInclude Include="h\CurvatureQuantity.h" />
    <ClInclude Include="h\DensityQuantity.h" />
    <ClInclude Include="h\Dependency.h" />
    <ClInclude Include="h\DoubleSingleQuantity.h" />
    <ClInclude Include="h\ForceQuantity.h" />
    <ClInclude Include="h\FractureEnergy.h" />
    <ClInclude Include="h\GigaSinglePressureQuantity.h" />
    <ClInclude Include="h\LengthQuantity.h" />
    <ClInclude Include="h\LossCoefQuantity.h" />
    <ClInclude Include="h\NoneQuantity.h" />
    <ClInclude Include="h\PercentageQuantity.h" />
    <ClInclude Include="h\PressureGradient.h" />
    <ClInclude Include="h\QuantityInclude.h" />
    <ClInclude Include="h\SinglePressure.h" />
    <ClInclude Include="h\SingleQuantityTemp.h" />
    <ClInclude Include="h\SmallLengthQuantity.h" />
    <ClInclude Include="h\StrainQuantity.h" />
    <ClInclude Include="h\StressGradientQuantity.h" />
    <ClInclude Include="h\StressGradOrDensity.h" />
    <ClInclude Include="h\TemperatureGradientQuantity.h" />
    <ClInclude Include="h\TemperatureQuantity.h" />
    <ClInclude Include="h\ThermalConductivity.h" />
    <ClInclude Include="h\ThermalExpansion.h" />
    <ClInclude Include="h\TimeDQuantity.h" />
    <ClInclude Include="h\TimeHQuantity.h" />
    <ClInclude Include="h\VolumetricHeatQuantity.h" />
    <ClInclude Include="h\VolumetricSpecificHeat.h" />
    <ClInclude Include="h\WeightPerUnitLengthQuantity.h" />
  </ItemGroup>
  <ItemGroup>
    <ClCompile Include="src\Acceleration.cpp" />
    <ClCompile Include="src\AngleQuantity.cpp" />
    <ClCompile Include="src\CDependenciesManager.cpp" />
    <ClCompile Include="src\CohesionQuantity.cpp" />
    <ClCompile Include="src\CompressibilityQuantity.cpp" />
    <ClCompile Include="src\CrackOpeningQuantity.cpp" />
    <ClCompile Include="src\CurvatureQuantity.cpp" />
    <ClCompile Include="src\DensityQuantity.cpp" />
    <ClCompile Include="src\Dependency.cpp" />
    <ClCompile Include="src\ForceQuantity.cpp" />
    <ClCompile Include="src\FractureEnergy.cpp" />
    <ClCompile Include="src\GigaSinglePressureQuantity.cpp" />
    <ClCompile Include="src\LengthQuantity.cpp" />
    <ClCompile Include="src\LossCoefQuantity.cpp" />
    <ClCompile Include="src\NoneQuantity.cpp" />
    <ClCompile Include="src\PercentageQuantity.cpp" />
    <ClCompile Include="src\PressureGradient.cpp" />
    <ClCompile Include="src\SinglePressure.cpp" />
    <ClCompile Include="src\SingleQuantity.cpp" />
    <ClCompile Include="src\SmallLengthQuantity.cpp" />
    <ClCompile Include="src\StrainQuantity.cpp" />
    <ClCompile Include="src\StressGradientQuantity.cpp" />
    <ClCompile Include="src\StressGradOrDensity.cpp" />
    <ClCompile Include="src\TemperatureGradientQuantity.cpp" />
    <ClCompile Include="src\TemperatureQuantity.cpp" />
    <ClCompile Include="src\ThermalConductivity.cpp" />
    <ClCompile Include="src\ThermalExpansion.cpp" />
    <ClCompile Include="src\TimeDQuantity.cpp" />
    <ClCompile Include="src\TimeHQuantity.cpp" />
    <ClCompile Include="src\VolumetricHeatQuantity.cpp" />
    <ClCompile Include="src\VolumetricSpecificHeat.cpp" />
    <ClCompile Include="src\WeightPerUnitLengthQuantity.cpp" />
    <ClCompile Include="moc\moc_SingleQuantity.cpp" />
  </ItemGroup>
  <ItemGroup>
    <CustomBuild Include="h\SingleQuantity.h" />
  </ItemGroup>
</Project>