<?xml version="1.0" encoding="utf-8"?>
<Project ToolsVersion="4.0" xmlns="http://schemas.microsoft.com/developer/msbuild/2003">
  <ItemGroup>
    <ClInclude Include="Loads\h\DCBodyFaceLoad.h" />
    <ClInclude Include="Loads\h\DCBoundaCase.h" />
    <ClInclude Include="Loads\h\DCConcentrationLoad.h" />
    <ClInclude Include="Loads\h\DCFaceEdgeLoad.h" />
    <ClInclude Include="Loads\h\DCFaceLoad.h" />
    <ClInclude Include="Loads\h\DCFaceMoment.h" />
    <ClInclude Include="Loads\h\DCInitialNodalPotential.h" />
    <ClInclude Include="Loads\h\DCInitialStressLoad.h" />
    <ClInclude Include="Loads\h\DCLineLoad.h" />
    <ClInclude Include="Loads\h\DCLineMoment.h" />
    <ClInclude Include="Loads\h\DCLoadCase.h" />
    <ClInclude Include="Loads\h\DCLoadCombination.h" />
    <ClInclude Include="Loads\h\DCLoadManager.h" />
    <ClInclude Include="Loads\h\DCNodalTemperature.h" />
    <ClInclude Include="Loads\h\DCPointLoad.h" />
    <ClInclude Include="Loads\h\DCPointMoment.h" />
    <ClInclude Include="Loads\h\DCPrescribedDisplacement.h" />
    <ClInclude Include="Loads\h\DCPrescribedPressurePotential.h" />
    <ClInclude Include="Loads\h\DCPrescribedRotation.h" />
    <ClInclude Include="Loads\h\DCPressureLoad.h" />
    <ClInclude Include="Loads\h\DCStrainLoad.h" />
    <ClInclude Include="Loads\h\DCTemperatureLoad.h" />
    <ClInclude Include="Loads\h\DCWeightLoad.h" />
    <ClInclude Include="Loads\h\IDCCase.h" />
    <ClInclude Include="Loads\h\IDCDirectedLoad.h" />
    <ClInclude Include="Loads\h\IDCFlowLoad.h" />
    <ClInclude Include="Loads\h\IDCLoad.h" />
    <ClInclude Include="Loads\h\IDCStructuralLoad.h" />
    <ClInclude Include="Loads\h\IDCSupportLoad.h" />
    <ClInclude Include="h\comfile.h" />
    <ClInclude Include="h\DCFixedPotential.h" />
    <ClInclude Include="h\DCRangeBuilder.h" />
    <ClInclude Include="h\DCTimeBoundaTable.h" />
    <ClInclude Include="h\DCTimeLoadTable.h" />
    <ClInclude Include="h\DianaCore.h" />
    <ClInclude Include="h\IDCAnalysisLogger.h" />
    <ClInclude Include="h\IDCAnalysisStatus.h" />
    <ClInclude Include="h\IDCConcentrationTable.h" />
    <ClInclude Include="h\IDCDianaRunner.h" />
    <ClInclude Include="h\IDCElementProperty.h" />
    <ClInclude Include="h\IDCProgressBase.h" />
    <ClInclude Include="h\IDCTemperatureTable.h" />
    <ClInclude Include="h\IDCTimeTable.h" />
    <ClInclude Include="h\IDCValueTable.h" />
  </ItemGroup>
  <ItemGroup>
    <ClCompile Include="Loads\src\DCBodyFaceLoad.cpp" />
    <ClCompile Include="Loads\src\DCBoundaCase.cpp" />
    <ClCompile Include="Loads\src\DCConcentrationLoad.cpp" />
    <ClCompile Include="Loads\src\DCFaceEdgeLoad.cpp" />
    <ClCompile Include="Loads\src\DCFaceLoad.cpp" />
    <ClCompile Include="Loads\src\DCFaceMoment.cpp" />
    <ClCompile Include="Loads\src\DCInitialNodalPotential.cpp" />
    <ClCompile Include="Loads\src\DCInitialStressLoad.cpp" />
    <ClCompile Include="Loads\src\DCLineLoad.cpp" />
    <ClCompile Include="Loads\src\DCLineMoment.cpp" />
    <ClCompile Include="Loads\src\DCLoadCase.cpp" />
    <ClCompile Include="Loads\src\DCLoadCombination.cpp" />
    <ClCompile Include="Loads\src\DCLoadManager.cpp" />
    <ClCompile Include="Loads\src\DCNodalTemperature.cpp" />
    <ClCompile Include="Loads\src\DCPointLoad.cpp" />
    <ClCompile Include="Loads\src\DCPointMoment.cpp" />
    <ClCompile Include="Loads\src\DCPrescribedDisplacement.cpp" />
    <ClCompile Include="Loads\src\DCPrescribedPressurePotential.cpp" />
    <ClCompile Include="Loads\src\DCPrescribedRotation.cpp" />
    <ClCompile Include="Loads\src\DCPressureLoad.cpp" />
    <ClCompile Include="Loads\src\DCStrainLoad.cpp" />
    <ClCompile Include="Loads\src\DCTemperatureLoad.cpp" />
    <ClCompile Include="Loads\src\DCWeightLoad.cpp" />
    <ClCompile Include="Loads\src\IDCCase.cpp" />
    <ClCompile Include="Loads\src\IDCDirectedLoad.cpp" />
    <ClCompile Include="Loads\src\IDCFlowLoad.cpp" />
    <ClCompile Include="Loads\src\IDCLoad.cpp" />
    <ClCompile Include="Loads\src\IDCStructuralLoad.cpp" />
    <ClCompile Include="Loads\src\IDCSupportLoad.cpp" />
    <ClCompile Include="src\comfile.c" />
    <ClCompile Include="src\DCFixedPotential.cpp" />
    <ClCompile Include="src\DCRangeBuilder.cpp" />
    <ClCompile Include="src\DCTimeBoundaTable.cpp" />
    <ClCompile Include="src\DCTimeLoadTable.cpp" />
    <ClCompile Include="src\FilosReplacements.c" />
    <ClCompile Include="src\IDCAnalysisLogger.cpp" />
    <ClCompile Include="src\IDCAnalysisStatus.cpp" />
    <ClCompile Include="src\IDCConcentrationTable.cpp" />
    <ClCompile Include="src\IDCDianaRunner.cpp" />
    <ClCompile Include="src\IDCElementProperty.cpp" />
    <ClCompile Include="src\IDCProgressBase.cpp" />
    <ClCompile Include="src\IDCTemperatureTable.cpp" />
    <ClCompile Include="src\IDCTimeTable.cpp" />
    <ClCompile Include="src\IDCValueTable.cpp" />
  </ItemGroup>
</Project>