<?xml version="1.0" encoding="utf-8"?>
<Project ToolsVersion="4.0" xmlns="http://schemas.microsoft.com/developer/msbuild/2003">
  <ItemGroup>
    <ClInclude Include="h\BuildTensor.h" />
    <ClInclude Include="h\CalculateBoundingBox.h" />
    <ClInclude Include="h\CalculateBoundingSurfaces.h" />
    <ClInclude Include="h\CalculateShearModulus.h" />
    <ClInclude Include="h\GeomecFormationIDs2RGI.h" />
    <ClInclude Include="h\GeomecFormationVolumeIDs2RGI.h" />
    <ClInclude Include="h\GeomecMaterialModel2RGI.h" />
    <ClInclude Include="h\GeomecSurfaces2RGI.h" />
    <ClInclude Include="h\LoadGridFromRGI.h" />
    <ClInclude Include="h\LoadPropertyBase.h" />
    <ClInclude Include="h\LoadPropertyBodyIndex.h" />
    <ClInclude Include="h\LoadPropertyBridge.h" />
    <ClInclude Include="h\LoadPropertyDeltaFluidPressure.h" />
    <ClInclude Include="h\LoadPropertyDeltaFluidPressureFrac.h" />
    <ClInclude Include="h\LoadPropertyDeltaTemperature.h" />
    <ClInclude Include="h\LoadPropertyFluidPressure.h" />
    <ClInclude Include="h\LoadPropertyFluidPressureFrac.h" />
    <ClInclude Include="h\LoadPropertyFormation.h" />
    <ClInclude Include="h\LoadPropertyIsReservoir.h" />
    <ClInclude Include="h\LoadPropertyMaterialType.h" />
    <ClInclude Include="h\LoadPropertyPoisson.h" />
    <ClInclude Include="h\LoadPropertyPressureBase.h" />
    <ClInclude Include="h\LoadPropertyResidualStrainLoading.h" />
    <ClInclude Include="h\LoadPropertyShearModulus.h" />
    <ClInclude Include="h\LoadPropertyTemperature.h" />
    <ClInclude Include="h\LoadPropertyTemperatureBase.h" />
    <ClInclude Include="h\LoadPropertyTemplate.h" />
    <ClInclude Include="h\LoadPropertyTemplateRadials2Degrees.h" />
    <ClInclude Include="h\LoadPropertyTemplateWithFactor.h" />
    <ClInclude Include="h\LoadPropertyYoung.h" />
    <ClInclude Include="h\propertyValues.h" />
    <ClInclude Include="h\RGIFormationIDs.h" />
    <ClInclude Include="h\RockMechProcessor.h" />
    <ClInclude Include="h\SavePropertyBase.h" />
    <ClInclude Include="h\SavePropertyBodyIndex.h" />
    <ClInclude Include="h\SavePropertyBridge.h" />
    <ClInclude Include="h\SavePropertyEffStress.h" />
    <ClInclude Include="h\SavePropertyFluidPressure.h" />
    <ClInclude Include="h\SavePropertyFormation.h" />
    <ClInclude Include="h\SavePropertyFracDens.h" />
    <ClInclude Include="h\SavePropertyIsReservoir.h" />
    <ClInclude Include="h\SavePropertyMaterialType.h" />
    <ClInclude Include="h\SavePropertyPermMultFrac.h" />
    <ClInclude Include="h\SavePropertyPorosity.h" />
    <ClInclude Include="h\SavePropertyTemperature.h" />
    <ClInclude Include="h\SavePropertyTemplate.h" />
    <ClInclude Include="h\SavePropertyTemplateDegrees2Radials.h" />
    <ClInclude Include="h\SavePropertyTemplateWithFactor.h" />
    <ClInclude Include="h\SavePropertyTensor.h" />
    <ClInclude Include="h\SavePropertyTotalStrain.h" />
    <ClInclude Include="h\SavePropertyTotalStress.h" />
    <ClInclude Include="h\SavePropertyVolumetricStrain.h" />
    <ClInclude Include="h\SharedBodyTriangle.h" />
    <ClInclude Include="h\PropertyMetaData.h" />
  </ItemGroup>
  <ItemGroup>
    <ClCompile Include="src\BuildTensor.cpp" />
    <ClCompile Include="src\CalculateBoundingBox.cpp" />
    <ClCompile Include="src\CalculateBoundingSurfaces.cpp" />
    <ClCompile Include="src\CalculateShearModulus.cpp" />
    <ClCompile Include="src\GeomecFormationIDs2RGI.cpp" />
    <ClCompile Include="src\GeomecFormationVolumeIDs2RGI.cpp" />
    <ClCompile Include="src\GeomecMaterialModel2RGI.cpp" />
    <ClCompile Include="src\GeomecSurfaces2RGI.cpp" />
    <ClCompile Include="src\LoadGridFromRGI.cpp" />
    <ClCompile Include="src\LoadPropertyBase.cpp" />
    <ClCompile Include="src\LoadPropertyBodyIndex.cpp" />
    <ClCompile Include="src\LoadPropertyBridge.cpp" />
    <ClCompile Include="src\LoadPropertyDeltaFluidPressure.cpp" />
    <ClCompile Include="src\LoadPropertyDeltaFluidPressureFrac.cpp" />
    <ClCompile Include="src\LoadPropertyDeltaTemperature.cpp" />
    <ClCompile Include="src\LoadPropertyFluidPressure.cpp" />
    <ClCompile Include="src\LoadPropertyFluidPressureFrac.cpp" />
    <ClCompile Include="src\LoadPropertyFormation.cpp" />
    <ClCompile Include="src\LoadPropertyIsReservoir.cpp" />
    <ClCompile Include="src\LoadPropertyMaterialType.cpp" />
    <ClCompile Include="src\LoadPropertyPoisson.cpp" />
    <ClCompile Include="src\LoadPropertyPressureBase.cpp" />
    <ClCompile Include="src\LoadPropertyResidualStrainLoading.cpp" />
    <ClCompile Include="src\LoadPropertyShearModulus.cpp" />
    <ClCompile Include="src\LoadPropertyTemperature.cpp" />
    <ClCompile Include="src\LoadPropertyTemperatureBase.cpp" />
    <ClCompile Include="src\LoadPropertyYoung.cpp" />
    <ClCompile Include="src\RGIFormationIDs.cpp" />
    <ClCompile Include="src\RockMechProcessor.cpp" />
    <ClCompile Include="src\SavePropertyBase.cpp" />
    <ClCompile Include="src\SavePropertyBodyIndex.cpp" />
    <ClCompile Include="src\SavePropertyBridge.cpp" />
    <ClCompile Include="src\SavePropertyEffStress.cpp" />
    <ClCompile Include="src\SavePropertyFluidPressure.cpp" />
    <ClCompile Include="src\SavePropertyFormation.cpp" />
    <ClCompile Include="src\SavePropertyFracDens.cpp" />
    <ClCompile Include="src\SavePropertyIsReservoir.cpp" />
    <ClCompile Include="src\SavePropertyMaterialType.cpp" />
    <ClCompile Include="src\SavePropertyPermMultFrac.cpp" />
    <ClCompile Include="src\SavePropertyPorosity.cpp" />
    <ClCompile Include="src\SavePropertyTemperature.cpp" />
    <ClCompile Include="src\SavePropertyTensor.cpp" />
    <ClCompile Include="src\SavePropertyTotalStrain.cpp" />
    <ClCompile Include="src\SavePropertyTotalStress.cpp" />
    <ClCompile Include="src\SavePropertyVolumetricStrain.cpp" />
    <ClCompile Include="src\SharedBodyTriangle.cpp" />
    <ClCompile Include="src\PropertyMetaData.cpp" />
  </ItemGroup>
</Project>