
Microsoft Visual Studio Solution File, Format Version 11.00
# Visual Studio 2010
Project("{8BC9CEB8-8B4A-11D0-8D11-00A0C91BC942}") = "DSealect", "GUI\DSealect.vcxproj", "{EC26FFC9-D092-4EC1-8125-CB8D46506ED5}"
EndProject
Project("{8BC9CEB8-8B4A-11D0-8D11-00A0C91BC942}") = "Quantity", "..\lib\Quantity\Quantity.vcxproj", "{BE3D76E9-9084-464E-A152-863CB45CB664}"
EndProject
Project("{8BC9CEB8-8B4A-11D0-8D11-00A0C91BC942}") = "WindowsRegistry", "..\lib\WindowsRegistry\WindowsRegistry.vcxproj", "{8743519E-49DC-424C-AD47-94E4781BEF6A}"
EndProject
Project("{8BC9CEB8-8B4A-11D0-8D11-00A0C91BC942}") = "FemAppModel", "..\lib\FemAppModel\FemAppModel.vcxproj", "{27902801-B1F4-435F-8E7D-DDE68FD398BA}"
EndProject
Project("{930C7802-8A8C-48F9-8165-68863BCCD9DD}") = "WiXInstall32", "WiXInstall\WiXInstall32.wixproj", "{475C40E2-2B1F-49C9-B4E2-865A16753BB9}"
	ProjectSection(ProjectDependencies) = postProject
		{EC26FFC9-D092-4EC1-8125-CB8D46506ED5} = {EC26FFC9-D092-4EC1-8125-CB8D46506ED5}
	EndProjectSection
EndProject
Project("{8BC9CEB8-8B4A-11D0-8D11-00A0C91BC942}") = "MfcGuiFrame", "..\lib\MfcGuiFrame\MfcGuiFrame.vcxproj", "{DE87A883-268B-4A5E-BD54-A7522191A9C5}"
EndProject
Project("{8BC9CEB8-8B4A-11D0-8D11-00A0C91BC942}") = "GeomecStringTable", "..\lib\GeomecStringTable\GeomecStringTable.vcxproj", "{82DF03E6-336A-4458-808B-D02FB1CCBAAE}"
EndProject
Project("{8BC9CEB8-8B4A-11D0-8D11-00A0C91BC942}") = "DianaX", "..\controls\dianax\DianaX.vcxproj", "{D86A686D-30C1-4A3D-B523-920DC5AC2766}"
EndProject
Project("{8BC9CEB8-8B4A-11D0-8D11-00A0C91BC942}") = "QDianaStartUp", "..\lib\QDianaStartUp\QDianaStartUp.vcxproj", "{9DD2D3B7-87C1-42D2-99C6-6DD2DBD71507}"
EndProject
Project("{8BC9CEB8-8B4A-11D0-8D11-00A0C91BC942}") = "GlobalMessage", "..\lib\GlobalMessage\GlobalMessage.vcxproj", "{37A75A57-73DD-42D4-97AF-89A6B535464F}"
EndProject
Global
	GlobalSection(TeamFoundationVersionControl) = preSolution
		SccNumberOfProjects = 7
		SccEnterpriseProvider = {4CA58AB2-18FA-4F8D-95D4-32DDF27D184C}
		SccTeamFoundationServer = https://sww-sede-team.shell.com/tfs/ptssw
		SccProjectUniqueName0 = ..\\lib\\Quantity\\Quantity.vcxproj
		SccProjectName0 = ../lib/Quantity
		SccAuxPath0 = https://sww-sede-team.shell.com/tfs/ptssw
		SccLocalPath0 = ..\\lib\\Quantity
		SccProvider0 = {4CA58AB2-18FA-4F8D-95D4-32DDF27D184C}
		SccProjectUniqueName1 = ..\\lib\\WindowsRegistry\\WindowsRegistry.vcxproj
		SccProjectName1 = ../lib/WindowsRegistry
		SccAuxPath1 = https://sww-sede-team.shell.com/tfs/ptssw
		SccLocalPath1 = ..\\lib\\WindowsRegistry
		SccProvider1 = {4CA58AB2-18FA-4F8D-95D4-32DDF27D184C}
		SccProjectUniqueName2 = ..\\lib\\FemAppModel\\FemAppModel.vcxproj
		SccProjectName2 = ../lib/FemAppModel
		SccAuxPath2 = https://sww-sede-team.shell.com/tfs/ptssw
		SccLocalPath2 = ..\\lib\\FemAppModel
		SccProvider2 = {4CA58AB2-18FA-4F8D-95D4-32DDF27D184C}
		SccProjectUniqueName3 = ..\\lib\\MfcGuiFrame\\MfcGuiFrame.vcxproj
		SccProjectName3 = ../lib/MfcGuiFrame
		SccAuxPath3 = https://sww-sede-team.shell.com/tfs/ptssw
		SccLocalPath3 = ..\\lib\\MfcGuiFrame
		SccProvider3 = {4CA58AB2-18FA-4F8D-95D4-32DDF27D184C}
		SccProjectUniqueName4 = ..\\lib\\GeomecStringTable\\GeomecStringTable.vcxproj
		SccProjectName4 = ../lib/GeomecStringTable
		SccAuxPath4 = https://sww-sede-team.shell.com/tfs/ptssw
		SccLocalPath4 = ..\\lib\\GeomecStringTable
		SccProvider4 = {4CA58AB2-18FA-4F8D-95D4-32DDF27D184C}
		SccProjectUniqueName5 = ..\\lib\\QDianaStartUp\\QDianaStartUp.vcxproj
		SccProjectName5 = ../lib/QDianaStartUp
		SccAuxPath5 = https://sww-sede-team.shell.com/tfs/ptssw
		SccLocalPath5 = ..\\lib\\QDianaStartUp
		SccProvider5 = {4CA58AB2-18FA-4F8D-95D4-32DDF27D184C}
		SccProjectUniqueName6 = ..\\lib\\GlobalMessage\\GlobalMessage.vcxproj
		SccProjectName6 = ../lib/GlobalMessage
		SccAuxPath6 = https://sww-sede-team.shell.com/tfs/ptssw
		SccLocalPath6 = ..\\lib\\GlobalMessage
		SccProvider6 = {4CA58AB2-18FA-4F8D-95D4-32DDF27D184C}
	EndGlobalSection
	GlobalSection(SolutionConfigurationPlatforms) = preSolution
		Debug|Mixed Platforms = Debug|Mixed Platforms
		Debug|Win32 = Debug|Win32
		Debug|x64 = Debug|x64
		Debug|x86 = Debug|x86
		Release|Mixed Platforms = Release|Mixed Platforms
		Release|Win32 = Release|Win32
		Release|x64 = Release|x64
		Release|x86 = Release|x86
		WellLife Release|Mixed Platforms = WellLife Release|Mixed Platforms
		WellLife Release|Win32 = WellLife Release|Win32
		WellLife Release|x64 = WellLife Release|x64
		WellLife Release|x86 = WellLife Release|x86
	EndGlobalSection
	GlobalSection(ProjectConfigurationPlatforms) = postSolution
		{EC26FFC9-D092-4EC1-8125-CB8D46506ED5}.Debug|Mixed Platforms.ActiveCfg = Debug|Win32
		{EC26FFC9-D092-4EC1-8125-CB8D46506ED5}.Debug|Mixed Platforms.Build.0 = Debug|Win32
		{EC26FFC9-D092-4EC1-8125-CB8D46506ED5}.Debug|Win32.ActiveCfg = Debug|Win32
		{EC26FFC9-D092-4EC1-8125-CB8D46506ED5}.Debug|Win32.Build.0 = Debug|Win32
		{EC26FFC9-D092-4EC1-8125-CB8D46506ED5}.Debug|x64.ActiveCfg = Debug|x64
		{EC26FFC9-D092-4EC1-8125-CB8D46506ED5}.Debug|x64.Build.0 = Debug|x64
		{EC26FFC9-D092-4EC1-8125-CB8D46506ED5}.Debug|x86.ActiveCfg = Debug|Win32
		{EC26FFC9-D092-4EC1-8125-CB8D46506ED5}.Release|Mixed Platforms.ActiveCfg = Release|Win32
		{EC26FFC9-D092-4EC1-8125-CB8D46506ED5}.Release|Mixed Platforms.Build.0 = Release|Win32
		{EC26FFC9-D092-4EC1-8125-CB8D46506ED5}.Release|Win32.ActiveCfg = Release|Win32
		{EC26FFC9-D092-4EC1-8125-CB8D46506ED5}.Release|Win32.Build.0 = Release|Win32
		{EC26FFC9-D092-4EC1-8125-CB8D46506ED5}.Release|x64.ActiveCfg = Release|Win32
		{EC26FFC9-D092-4EC1-8125-CB8D46506ED5}.Release|x64.Build.0 = Release|Win32
		{EC26FFC9-D092-4EC1-8125-CB8D46506ED5}.Release|x86.ActiveCfg = Release|Win32
		{EC26FFC9-D092-4EC1-8125-CB8D46506ED5}.WellLife Release|Mixed Platforms.ActiveCfg = WellLife Release|Win32
		{EC26FFC9-D092-4EC1-8125-CB8D46506ED5}.WellLife Release|Mixed Platforms.Build.0 = WellLife Release|Win32
		{EC26FFC9-D092-4EC1-8125-CB8D46506ED5}.WellLife Release|Win32.ActiveCfg = WellLife Release|Win32
		{EC26FFC9-D092-4EC1-8125-CB8D46506ED5}.WellLife Release|Win32.Build.0 = WellLife Release|Win32
		{EC26FFC9-D092-4EC1-8125-CB8D46506ED5}.WellLife Release|x64.ActiveCfg = WellLife Release|Win32
		{EC26FFC9-D092-4EC1-8125-CB8D46506ED5}.WellLife Release|x64.Build.0 = WellLife Release|Win32
		{EC26FFC9-D092-4EC1-8125-CB8D46506ED5}.WellLife Release|x86.ActiveCfg = WellLife Release|Win32
		{BE3D76E9-9084-464E-A152-863CB45CB664}.Debug|Mixed Platforms.ActiveCfg = Debug|Win32
		{BE3D76E9-9084-464E-A152-863CB45CB664}.Debug|Mixed Platforms.Build.0 = Debug|Win32
		{BE3D76E9-9084-464E-A152-863CB45CB664}.Debug|Win32.ActiveCfg = Debug|Win32
		{BE3D76E9-9084-464E-A152-863CB45CB664}.Debug|Win32.Build.0 = Debug|Win32
		{BE3D76E9-9084-464E-A152-863CB45CB664}.Debug|x64.ActiveCfg = Debug|x64
		{BE3D76E9-9084-464E-A152-863CB45CB664}.Debug|x64.Build.0 = Debug|x64
		{BE3D76E9-9084-464E-A152-863CB45CB664}.Debug|x86.ActiveCfg = Debug|Win32
		{BE3D76E9-9084-464E-A152-863CB45CB664}.Release|Mixed Platforms.ActiveCfg = Release|Win32
		{BE3D76E9-9084-464E-A152-863CB45CB664}.Release|Mixed Platforms.Build.0 = Release|Win32
		{BE3D76E9-9084-464E-A152-863CB45CB664}.Release|Win32.ActiveCfg = Release|Win32
		{BE3D76E9-9084-464E-A152-863CB45CB664}.Release|Win32.Build.0 = Release|Win32
		{BE3D76E9-9084-464E-A152-863CB45CB664}.Release|x64.ActiveCfg = Release|Win32
		{BE3D76E9-9084-464E-A152-863CB45CB664}.Release|x64.Build.0 = Release|Win32
		{BE3D76E9-9084-464E-A152-863CB45CB664}.Release|x86.ActiveCfg = Release|Win32
		{BE3D76E9-9084-464E-A152-863CB45CB664}.WellLife Release|Mixed Platforms.ActiveCfg = Release|Win32
		{BE3D76E9-9084-464E-A152-863CB45CB664}.WellLife Release|Mixed Platforms.Build.0 = Release|Win32
		{BE3D76E9-9084-464E-A152-863CB45CB664}.WellLife Release|Win32.ActiveCfg = Release|Win32
		{BE3D76E9-9084-464E-A152-863CB45CB664}.WellLife Release|Win32.Build.0 = Release|Win32
		{BE3D76E9-9084-464E-A152-863CB45CB664}.WellLife Release|x64.ActiveCfg = Release|Win32
		{BE3D76E9-9084-464E-A152-863CB45CB664}.WellLife Release|x64.Build.0 = Release|Win32
		{BE3D76E9-9084-464E-A152-863CB45CB664}.WellLife Release|x86.ActiveCfg = Release|Win32
		{8743519E-49DC-424C-AD47-94E4781BEF6A}.Debug|Mixed Platforms.ActiveCfg = Debug|Win32
		{8743519E-49DC-424C-AD47-94E4781BEF6A}.Debug|Mixed Platforms.Build.0 = Debug|Win32
		{8743519E-49DC-424C-AD47-94E4781BEF6A}.Debug|Win32.ActiveCfg = Debug|Win32
		{8743519E-49DC-424C-AD47-94E4781BEF6A}.Debug|Win32.Build.0 = Debug|Win32
		{8743519E-49DC-424C-AD47-94E4781BEF6A}.Debug|x64.ActiveCfg = Debug|x64
		{8743519E-49DC-424C-AD47-94E4781BEF6A}.Debug|x64.Build.0 = Debug|x64
		{8743519E-49DC-424C-AD47-94E4781BEF6A}.Debug|x86.ActiveCfg = Debug|Win32
		{8743519E-49DC-424C-AD47-94E4781BEF6A}.Release|Mixed Platforms.ActiveCfg = Release|Win32
		{8743519E-49DC-424C-AD47-94E4781BEF6A}.Release|Mixed Platforms.Build.0 = Release|Win32
		{8743519E-49DC-424C-AD47-94E4781BEF6A}.Release|Win32.ActiveCfg = Release|Win32
		{8743519E-49DC-424C-AD47-94E4781BEF6A}.Release|Win32.Build.0 = Release|Win32
		{8743519E-49DC-424C-AD47-94E4781BEF6A}.Release|x64.ActiveCfg = Release|Win32
		{8743519E-49DC-424C-AD47-94E4781BEF6A}.Release|x64.Build.0 = Release|Win32
		{8743519E-49DC-424C-AD47-94E4781BEF6A}.Release|x86.ActiveCfg = Release|Win32
		{8743519E-49DC-424C-AD47-94E4781BEF6A}.WellLife Release|Mixed Platforms.ActiveCfg = Release|Win32
		{8743519E-49DC-424C-AD47-94E4781BEF6A}.WellLife Release|Mixed Platforms.Build.0 = Release|Win32
		{8743519E-49DC-424C-AD47-94E4781BEF6A}.WellLife Release|Win32.ActiveCfg = Release|Win32
		{8743519E-49DC-424C-AD47-94E4781BEF6A}.WellLife Release|Win32.Build.0 = Release|Win32
		{8743519E-49DC-424C-AD47-94E4781BEF6A}.WellLife Release|x64.ActiveCfg = Release|Win32
		{8743519E-49DC-424C-AD47-94E4781BEF6A}.WellLife Release|x64.Build.0 = Release|Win32
		{8743519E-49DC-424C-AD47-94E4781BEF6A}.WellLife Release|x86.ActiveCfg = Release|Win32
		{27902801-B1F4-435F-8E7D-DDE68FD398BA}.Debug|Mixed Platforms.ActiveCfg = Debug|Win32
		{27902801-B1F4-435F-8E7D-DDE68FD398BA}.Debug|Mixed Platforms.Build.0 = Debug|Win32
		{27902801-B1F4-435F-8E7D-DDE68FD398BA}.Debug|Win32.ActiveCfg = Debug|x64
		{27902801-B1F4-435F-8E7D-DDE68FD398BA}.Debug|Win32.Build.0 = Debug|x64
		{27902801-B1F4-435F-8E7D-DDE68FD398BA}.Debug|x64.ActiveCfg = Debug|x64
		{27902801-B1F4-435F-8E7D-DDE68FD398BA}.Debug|x64.Build.0 = Debug|x64
		{27902801-B1F4-435F-8E7D-DDE68FD398BA}.Debug|x86.ActiveCfg = Debug|Win32
		{27902801-B1F4-435F-8E7D-DDE68FD398BA}.Release|Mixed Platforms.ActiveCfg = Release|Win32
		{27902801-B1F4-435F-8E7D-DDE68FD398BA}.Release|Mixed Platforms.Build.0 = Release|Win32
		{27902801-B1F4-435F-8E7D-DDE68FD398BA}.Release|Win32.ActiveCfg = Release|Win32
		{27902801-B1F4-435F-8E7D-DDE68FD398BA}.Release|Win32.Build.0 = Release|Win32
		{27902801-B1F4-435F-8E7D-DDE68FD398BA}.Release|x64.ActiveCfg = Release|Win32
		{27902801-B1F4-435F-8E7D-DDE68FD398BA}.Release|x64.Build.0 = Release|Win32
		{27902801-B1F4-435F-8E7D-DDE68FD398BA}.Release|x86.ActiveCfg = Release|Win32
		{27902801-B1F4-435F-8E7D-DDE68FD398BA}.WellLife Release|Mixed Platforms.ActiveCfg = Release|Win32
		{27902801-B1F4-435F-8E7D-DDE68FD398BA}.WellLife Release|Mixed Platforms.Build.0 = Release|Win32
		{27902801-B1F4-435F-8E7D-DDE68FD398BA}.WellLife Release|Win32.ActiveCfg = Release|Win32
		{27902801-B1F4-435F-8E7D-DDE68FD398BA}.WellLife Release|Win32.Build.0 = Release|Win32
		{27902801-B1F4-435F-8E7D-DDE68FD398BA}.WellLife Release|x64.ActiveCfg = Release|Win32
		{27902801-B1F4-435F-8E7D-DDE68FD398BA}.WellLife Release|x64.Build.0 = Release|Win32
		{27902801-B1F4-435F-8E7D-DDE68FD398BA}.WellLife Release|x86.ActiveCfg = Release|Win32
		{475C40E2-2B1F-49C9-B4E2-865A16753BB9}.Debug|Mixed Platforms.ActiveCfg = Debug|x86
		{475C40E2-2B1F-49C9-B4E2-865A16753BB9}.Debug|Mixed Platforms.Build.0 = Debug|x86
		{475C40E2-2B1F-49C9-B4E2-865A16753BB9}.Debug|Win32.ActiveCfg = Debug|x86
		{475C40E2-2B1F-49C9-B4E2-865A16753BB9}.Debug|x64.ActiveCfg = Debug|x86
		{475C40E2-2B1F-49C9-B4E2-865A16753BB9}.Debug|x86.ActiveCfg = Debug|x86
		{475C40E2-2B1F-49C9-B4E2-865A16753BB9}.Debug|x86.Build.0 = Debug|x86
		{475C40E2-2B1F-49C9-B4E2-865A16753BB9}.Release|Mixed Platforms.ActiveCfg = Release|x86
		{475C40E2-2B1F-49C9-B4E2-865A16753BB9}.Release|Mixed Platforms.Build.0 = Release|x86
		{475C40E2-2B1F-49C9-B4E2-865A16753BB9}.Release|Win32.ActiveCfg = Release|x86
		{475C40E2-2B1F-49C9-B4E2-865A16753BB9}.Release|x64.ActiveCfg = Release|x86
		{475C40E2-2B1F-49C9-B4E2-865A16753BB9}.Release|x86.ActiveCfg = Release|x86
		{475C40E2-2B1F-49C9-B4E2-865A16753BB9}.Release|x86.Build.0 = Release|x86
		{475C40E2-2B1F-49C9-B4E2-865A16753BB9}.WellLife Release|Mixed Platforms.ActiveCfg = Release|x86
		{475C40E2-2B1F-49C9-B4E2-865A16753BB9}.WellLife Release|Mixed Platforms.Build.0 = Release|x86
		{475C40E2-2B1F-49C9-B4E2-865A16753BB9}.WellLife Release|Win32.ActiveCfg = Release|x86
		{475C40E2-2B1F-49C9-B4E2-865A16753BB9}.WellLife Release|x64.ActiveCfg = Release|x86
		{475C40E2-2B1F-49C9-B4E2-865A16753BB9}.WellLife Release|x86.ActiveCfg = Release|x86
		{475C40E2-2B1F-49C9-B4E2-865A16753BB9}.WellLife Release|x86.Build.0 = Release|x86
		{DE87A883-268B-4A5E-BD54-A7522191A9C5}.Debug|Mixed Platforms.ActiveCfg = Debug|Win32
		{DE87A883-268B-4A5E-BD54-A7522191A9C5}.Debug|Mixed Platforms.Build.0 = Debug|Win32
		{DE87A883-268B-4A5E-BD54-A7522191A9C5}.Debug|Win32.ActiveCfg = Debug|x64
		{DE87A883-268B-4A5E-BD54-A7522191A9C5}.Debug|Win32.Build.0 = Debug|x64
		{DE87A883-268B-4A5E-BD54-A7522191A9C5}.Debug|x64.ActiveCfg = Debug|x64
		{DE87A883-268B-4A5E-BD54-A7522191A9C5}.Debug|x64.Build.0 = Debug|x64
		{DE87A883-268B-4A5E-BD54-A7522191A9C5}.Debug|x86.ActiveCfg = Debug|Win32
		{DE87A883-268B-4A5E-BD54-A7522191A9C5}.Release|Mixed Platforms.ActiveCfg = Release|Win32
		{DE87A883-268B-4A5E-BD54-A7522191A9C5}.Release|Mixed Platforms.Build.0 = Release|Win32
		{DE87A883-268B-4A5E-BD54-A7522191A9C5}.Release|Win32.ActiveCfg = Release|Win32
		{DE87A883-268B-4A5E-BD54-A7522191A9C5}.Release|Win32.Build.0 = Release|Win32
		{DE87A883-268B-4A5E-BD54-A7522191A9C5}.Release|x64.ActiveCfg = Release|Win32
		{DE87A883-268B-4A5E-BD54-A7522191A9C5}.Release|x64.Build.0 = Release|Win32
		{DE87A883-268B-4A5E-BD54-A7522191A9C5}.Release|x86.ActiveCfg = Release|Win32
		{DE87A883-268B-4A5E-BD54-A7522191A9C5}.WellLife Release|Mixed Platforms.ActiveCfg = Release|Win32
		{DE87A883-268B-4A5E-BD54-A7522191A9C5}.WellLife Release|Mixed Platforms.Build.0 = Release|Win32
		{DE87A883-268B-4A5E-BD54-A7522191A9C5}.WellLife Release|Win32.ActiveCfg = Release|Win32
		{DE87A883-268B-4A5E-BD54-A7522191A9C5}.WellLife Release|Win32.Build.0 = Release|Win32
		{DE87A883-268B-4A5E-BD54-A7522191A9C5}.WellLife Release|x64.ActiveCfg = Release|Win32
		{DE87A883-268B-4A5E-BD54-A7522191A9C5}.WellLife Release|x64.Build.0 = Release|Win32
		{DE87A883-268B-4A5E-BD54-A7522191A9C5}.WellLife Release|x86.ActiveCfg = Release|Win32
		{82DF03E6-336A-4458-808B-D02FB1CCBAAE}.Debug|Mixed Platforms.ActiveCfg = Debug|Win32
		{82DF03E6-336A-4458-808B-D02FB1CCBAAE}.Debug|Mixed Platforms.Build.0 = Debug|Win32
		{82DF03E6-336A-4458-808B-D02FB1CCBAAE}.Debug|Win32.ActiveCfg = Debug|x64
		{82DF03E6-336A-4458-808B-D02FB1CCBAAE}.Debug|Win32.Build.0 = Debug|x64
		{82DF03E6-336A-4458-808B-D02FB1CCBAAE}.Debug|x64.ActiveCfg = Debug|x64
		{82DF03E6-336A-4458-808B-D02FB1CCBAAE}.Debug|x64.Build.0 = Debug|x64
		{82DF03E6-336A-4458-808B-D02FB1CCBAAE}.Debug|x86.ActiveCfg = Debug|Win32
		{82DF03E6-336A-4458-808B-D02FB1CCBAAE}.Release|Mixed Platforms.ActiveCfg = Release|Win32
		{82DF03E6-336A-4458-808B-D02FB1CCBAAE}.Release|Mixed Platforms.Build.0 = Release|Win32
		{82DF03E6-336A-4458-808B-D02FB1CCBAAE}.Release|Win32.ActiveCfg = Release|Win32
		{82DF03E6-336A-4458-808B-D02FB1CCBAAE}.Release|Win32.Build.0 = Release|Win32
		{82DF03E6-336A-4458-808B-D02FB1CCBAAE}.Release|x64.ActiveCfg = Release|Win32
		{82DF03E6-336A-4458-808B-D02FB1CCBAAE}.Release|x64.Build.0 = Release|Win32
		{82DF03E6-336A-4458-808B-D02FB1CCBAAE}.Release|x86.ActiveCfg = Release|Win32
		{82DF03E6-336A-4458-808B-D02FB1CCBAAE}.WellLife Release|Mixed Platforms.ActiveCfg = Release|Win32
		{82DF03E6-336A-4458-808B-D02FB1CCBAAE}.WellLife Release|Mixed Platforms.Build.0 = Release|Win32
		{82DF03E6-336A-4458-808B-D02FB1CCBAAE}.WellLife Release|Win32.ActiveCfg = Release|Win32
		{82DF03E6-336A-4458-808B-D02FB1CCBAAE}.WellLife Release|Win32.Build.0 = Release|Win32
		{82DF03E6-336A-4458-808B-D02FB1CCBAAE}.WellLife Release|x64.ActiveCfg = Release|Win32
		{82DF03E6-336A-4458-808B-D02FB1CCBAAE}.WellLife Release|x64.Build.0 = Release|Win32
		{82DF03E6-336A-4458-808B-D02FB1CCBAAE}.WellLife Release|x86.ActiveCfg = Release|Win32
		{D86A686D-30C1-4A3D-B523-920DC5AC2766}.Debug|Mixed Platforms.ActiveCfg = Debug|Win32
		{D86A686D-30C1-4A3D-B523-920DC5AC2766}.Debug|Mixed Platforms.Build.0 = Debug|Win32
		{D86A686D-30C1-4A3D-B523-920DC5AC2766}.Debug|Win32.ActiveCfg = Debug|Win32
		{D86A686D-30C1-4A3D-B523-920DC5AC2766}.Debug|Win32.Build.0 = Debug|Win32
		{D86A686D-30C1-4A3D-B523-920DC5AC2766}.Debug|x64.ActiveCfg = Debug|x64
		{D86A686D-30C1-4A3D-B523-920DC5AC2766}.Debug|x64.Build.0 = Debug|x64
		{D86A686D-30C1-4A3D-B523-920DC5AC2766}.Debug|x86.ActiveCfg = Debug|Win32
		{D86A686D-30C1-4A3D-B523-920DC5AC2766}.Release|Mixed Platforms.ActiveCfg = Release|Win32
		{D86A686D-30C1-4A3D-B523-920DC5AC2766}.Release|Mixed Platforms.Build.0 = Release|Win32
		{D86A686D-30C1-4A3D-B523-920DC5AC2766}.Release|Win32.ActiveCfg = Release|Win32
		{D86A686D-30C1-4A3D-B523-920DC5AC2766}.Release|Win32.Build.0 = Release|Win32
		{D86A686D-30C1-4A3D-B523-920DC5AC2766}.Release|x64.ActiveCfg = Release|Win32
		{D86A686D-30C1-4A3D-B523-920DC5AC2766}.Release|x64.Build.0 = Release|Win32
		{D86A686D-30C1-4A3D-B523-920DC5AC2766}.Release|x86.ActiveCfg = Release|Win32
		{D86A686D-30C1-4A3D-B523-920DC5AC2766}.WellLife Release|Mixed Platforms.ActiveCfg = Release|Win32
		{D86A686D-30C1-4A3D-B523-920DC5AC2766}.WellLife Release|Mixed Platforms.Build.0 = Release|Win32
		{D86A686D-30C1-4A3D-B523-920DC5AC2766}.WellLife Release|Win32.ActiveCfg = Release|Win32
		{D86A686D-30C1-4A3D-B523-920DC5AC2766}.WellLife Release|Win32.Build.0 = Release|Win32
		{D86A686D-30C1-4A3D-B523-920DC5AC2766}.WellLife Release|x64.ActiveCfg = Release|Win32
		{D86A686D-30C1-4A3D-B523-920DC5AC2766}.WellLife Release|x64.Build.0 = Release|Win32
		{D86A686D-30C1-4A3D-B523-920DC5AC2766}.WellLife Release|x86.ActiveCfg = Release|Win32
		{9DD2D3B7-87C1-42D2-99C6-6DD2DBD71507}.Debug|Mixed Platforms.ActiveCfg = Debug|Win32
		{9DD2D3B7-87C1-42D2-99C6-6DD2DBD71507}.Debug|Mixed Platforms.Build.0 = Debug|Win32
		{9DD2D3B7-87C1-42D2-99C6-6DD2DBD71507}.Debug|Win32.ActiveCfg = Debug|Win32
		{9DD2D3B7-87C1-42D2-99C6-6DD2DBD71507}.Debug|Win32.Build.0 = Debug|Win32
		{9DD2D3B7-87C1-42D2-99C6-6DD2DBD71507}.Debug|x64.ActiveCfg = Debug|x64
		{9DD2D3B7-87C1-42D2-99C6-6DD2DBD71507}.Debug|x64.Build.0 = Debug|x64
		{9DD2D3B7-87C1-42D2-99C6-6DD2DBD71507}.Debug|x86.ActiveCfg = Debug|Win32
		{9DD2D3B7-87C1-42D2-99C6-6DD2DBD71507}.Release|Mixed Platforms.ActiveCfg = Release|Win32
		{9DD2D3B7-87C1-42D2-99C6-6DD2DBD71507}.Release|Mixed Platforms.Build.0 = Release|Win32
		{9DD2D3B7-87C1-42D2-99C6-6DD2DBD71507}.Release|Win32.ActiveCfg = Release|Win32
		{9DD2D3B7-87C1-42D2-99C6-6DD2DBD71507}.Release|Win32.Build.0 = Release|Win32
		{9DD2D3B7-87C1-42D2-99C6-6DD2DBD71507}.Release|x64.ActiveCfg = Release|Win32
		{9DD2D3B7-87C1-42D2-99C6-6DD2DBD71507}.Release|x64.Build.0 = Release|Win32
		{9DD2D3B7-87C1-42D2-99C6-6DD2DBD71507}.Release|x86.ActiveCfg = Release|Win32
		{9DD2D3B7-87C1-42D2-99C6-6DD2DBD71507}.WellLife Release|Mixed Platforms.ActiveCfg = Release|Win32
		{9DD2D3B7-87C1-42D2-99C6-6DD2DBD71507}.WellLife Release|Mixed Platforms.Build.0 = Release|Win32
		{9DD2D3B7-87C1-42D2-99C6-6DD2DBD71507}.WellLife Release|Win32.ActiveCfg = Release|Win32
		{9DD2D3B7-87C1-42D2-99C6-6DD2DBD71507}.WellLife Release|Win32.Build.0 = Release|Win32
		{9DD2D3B7-87C1-42D2-99C6-6DD2DBD71507}.WellLife Release|x64.ActiveCfg = Release|Win32
		{9DD2D3B7-87C1-42D2-99C6-6DD2DBD71507}.WellLife Release|x64.Build.0 = Release|Win32
		{9DD2D3B7-87C1-42D2-99C6-6DD2DBD71507}.WellLife Release|x86.ActiveCfg = Release|Win32
		{37A75A57-73DD-42D4-97AF-89A6B535464F}.Debug|Mixed Platforms.ActiveCfg = Debug|Win32
		{37A75A57-73DD-42D4-97AF-89A6B535464F}.Debug|Mixed Platforms.Build.0 = Debug|Win32
		{37A75A57-73DD-42D4-97AF-89A6B535464F}.Debug|Win32.ActiveCfg = Debug|x64
		{37A75A57-73DD-42D4-97AF-89A6B535464F}.Debug|Win32.Build.0 = Debug|x64
		{37A75A57-73DD-42D4-97AF-89A6B535464F}.Debug|x64.ActiveCfg = Debug|x64
		{37A75A57-73DD-42D4-97AF-89A6B535464F}.Debug|x64.Build.0 = Debug|x64
		{37A75A57-73DD-42D4-97AF-89A6B535464F}.Debug|x86.ActiveCfg = Debug|Win32
		{37A75A57-73DD-42D4-97AF-89A6B535464F}.Release|Mixed Platforms.ActiveCfg = Release|Win32
		{37A75A57-73DD-42D4-97AF-89A6B535464F}.Release|Mixed Platforms.Build.0 = Release|Win32
		{37A75A57-73DD-42D4-97AF-89A6B535464F}.Release|Win32.ActiveCfg = Release|Win32
		{37A75A57-73DD-42D4-97AF-89A6B535464F}.Release|Win32.Build.0 = Release|Win32
		{37A75A57-73DD-42D4-97AF-89A6B535464F}.Release|x64.ActiveCfg = Release|Win32
		{37A75A57-73DD-42D4-97AF-89A6B535464F}.Release|x64.Build.0 = Release|Win32
		{37A75A57-73DD-42D4-97AF-89A6B535464F}.Release|x86.ActiveCfg = Release|Win32
		{37A75A57-73DD-42D4-97AF-89A6B535464F}.WellLife Release|Mixed Platforms.ActiveCfg = Release|Win32
		{37A75A57-73DD-42D4-97AF-89A6B535464F}.WellLife Release|Mixed Platforms.Build.0 = Release|Win32
		{37A75A57-73DD-42D4-97AF-89A6B535464F}.WellLife Release|Win32.ActiveCfg = Release|Win32
		{37A75A57-73DD-42D4-97AF-89A6B535464F}.WellLife Release|Win32.Build.0 = Release|Win32
		{37A75A57-73DD-42D4-97AF-89A6B535464F}.WellLife Release|x64.ActiveCfg = Release|Win32
		{37A75A57-73DD-42D4-97AF-89A6B535464F}.WellLife Release|x64.Build.0 = Release|Win32
		{37A75A57-73DD-42D4-97AF-89A6B535464F}.WellLife Release|x86.ActiveCfg = Release|Win32
	EndGlobalSection
	GlobalSection(SolutionProperties) = preSolution
		HideSolutionNode = FALSE
	EndGlobalSection
EndGlobal
