<?xml version="1.0" encoding="utf-8"?>
<Project ToolsVersion="4.0" xmlns="http://schemas.microsoft.com/developer/msbuild/2003">
  <ItemGroup>
    <ClInclude Include="h\StdAfx.h" />
    <ClInclude Include="h\GlobalMessage_GUI.h" />
  </ItemGroup>
  <ItemGroup>
    <ClCompile Include="src\StdAfx.cpp" />
    <ClCompile Include="src\GlobalMessage_GUI.cpp" />
  </ItemGroup>
</Project>