<?xml version="1.0" encoding="utf-8"?>
<Project ToolsVersion="4.0" xmlns="http://schemas.microsoft.com/developer/msbuild/2003">
  <ItemGroup>
    <ClInclude Include="HexaModel\h\HexaBoundary.h" />
    <ClInclude Include="HexaModel\h\HexaEntryTypes.h" />
    <ClInclude Include="HexaModel\h\HexaFormation.h" />
    <ClInclude Include="HexaModel\h\HexaHorizon.h" />
    <ClInclude Include="HexaModel\h\HexaMesh.h" />
    <ClInclude Include="HexaModel\h\HexaMesher.h" />
    <ClInclude Include="HexaModel\h\HexaMesherNG.h" />
    <ClInclude Include="HexaModel\h\hexameshregion.h" />
    <ClInclude Include="HexaModel\h\HexaMetaMesh.h" />
    <ClInclude Include="HexaModel\h\HexaModel.h" />
    <ClInclude Include="HexaModel\h\HexaSurface.h" />
    <ClInclude Include="HexaModel\h\IHexaMesher.h" />
    <ClInclude Include="TetraModel\Eclipse\h\EclipseBody.h" />
    <ClInclude Include="TetraModel\Eclipse\h\EclipseModel.h" />
    <ClInclude Include="TetraModel\GoCad\h\GocadData.h" />
    <ClInclude Include="TetraModel\GoCad\h\GocadExport.h" />
    <ClInclude Include="TetraModel\GoCad\h\GocadImport.h" />
    <ClInclude Include="TetraModel\GoCad\h\GocadMeshImporter.h" />
    <ClInclude Include="TetraModel\GoCad\h\GoCadModel.h" />
    <ClInclude Include="TetraModel\h\3DSupportNode.h" />
    <ClInclude Include="TetraModel\h\DisplacementSupportNode.h" />
    <ClInclude Include="TetraModel\h\MeshProgress.h" />
    <ClInclude Include="TetraModel\h\PressureSupportNode.h" />
    <ClInclude Include="TetraModel\h\TetraBoundary.h" />
    <ClInclude Include="TetraModel\h\TetraEntryTypes.h" />
    <ClInclude Include="TetraModel\h\TetraFormation.h" />
    <ClInclude Include="TetraModel\h\TetraHorizonBase.h" />
    <ClInclude Include="TetraModel\h\TetraMesh.h" />
    <ClInclude Include="TetraModel\h\TetraModel.h" />
    <ClInclude Include="TetraModel\h\TetraSubBoundary.h" />
    <ClInclude Include="TetraModel\h\TetraSubHorizon.h" />
    <ClInclude Include="TetraModel\h\TetraSuperHorizon.h" />
    <ClInclude Include="TetraModel\h\TetraSurface.h" />
    <ClInclude Include="Value\h\CacheInterface.h" />
    <ClInclude Include="Value\h\CacheManager.h" />
    <ClInclude Include="Value\h\ConvexHullCheck.h" />
    <ClInclude Include="Value\h\DerivedResult.1.0.9.h" />
    <ClInclude Include="Value\h\DerivedResult.h" />
    <ClInclude Include="Value\h\ElementSet.h" />
    <ClInclude Include="Value\h\ExportResultData.h" />
    <ClInclude Include="Value\h\ExportResultDataEntry.h" />
    <ClInclude Include="Value\h\ExportResultDataXML.h" />
    <ClInclude Include="Value\h\ExportResults.h" />
    <ClInclude Include="Value\h\ExportSelection.h" />
    <ClInclude Include="Value\h\FieldFactor.h" />
    <ClInclude Include="Value\h\FillMaterialParameterProxies.h" />
    <ClInclude Include="Value\h\FractTensor.h" />
    <ClInclude Include="Value\h\GeomecIValueSet.h" />
    <ClInclude Include="Value\h\GlobalInitialStressNode.h" />
    <ClInclude Include="Value\h\GocadElementSet.h" />
    <ClInclude Include="Value\h\IPointSet.h" />
    <ClInclude Include="Value\h\IStrainTensorGroup.h" />
    <ClInclude Include="Value\h\IStressTensorGroup.h" />
    <ClInclude Include="Value\h\ITensorGroup.h" />
    <ClInclude Include="Value\h\ITensorGroupTemplate.h" />
    <ClInclude Include="Value\h\IVectorResult.h" />
    <ClInclude Include="Value\h\LasPointSet.h" />
    <ClInclude Include="Value\h\LocalResult.h" />
    <ClInclude Include="Value\h\LogASCIIStandardFile.h" />
    <ClInclude Include="Value\h\MaterialResultTree.h" />
    <ClInclude Include="Value\h\MatParamsTensor.h" />
    <ClInclude Include="Value\h\MeshResultTree.h" />
    <ClInclude Include="Value\h\NodalValueSet.h" />
    <ClInclude Include="Value\h\Result.h" />
    <ClInclude Include="Value\h\ResultCache.h" />
    <ClInclude Include="Value\h\ResultExporter.h" />
    <ClInclude Include="Value\h\ResultInfo.h" />
    <ClInclude Include="Value\h\ResultRegister.h" />
    <ClInclude Include="Value\h\ResultTree.h" />
    <ClInclude Include="Value\h\RpnFormationOperand.h" />
    <ClInclude Include="Value\h\RpnMaterialParameterProxy.h" />
    <ClInclude Include="Value\h\RpnValueSet.h" />
    <ClInclude Include="Value\h\rpn_version.h" />
    <ClInclude Include="Value\h\ScalarValueSet.h" />
    <ClInclude Include="Value\h\StaborResult.h" />
    <ClInclude Include="Value\h\stress.h" />
    <ClInclude Include="Value\h\TensorValueSetTemplate.h" />
    <ClInclude Include="Value\h\TextTagUtils.h" />
    <ClInclude Include="Value\h\UnitConversion.h" />
    <ClInclude Include="Value\h\ValueComponent.h" />
    <ClInclude Include="Value\h\ValueMapper.h" />
    <ClInclude Include="Value\h\ValueStrain.h" />
    <ClInclude Include="Value\h\ValueTensor.h" />
    <ClInclude Include="Value\h\ValueType.h" />
    <ClInclude Include="Value\h\ValueTypeFactory.h" />
    <ClInclude Include="Value\h\ValueTypes.h" />
    <ClInclude Include="Value\h\ValueVector.h" />
    <ClInclude Include="Value\h\VectorValueSet.h" />
    <ClInclude Include="Value\h\WP_Helper.h" />
    <ClInclude Include="Value\h\WriteLogASCIIStandardFile.h" />
    <ClInclude Include="View\h\ColorScaleEntry.h" />
    <ClInclude Include="View\h\HotSpot.h" />
    <ClInclude Include="WellPath\h\ElementFace.h" />
    <ClInclude Include="WellPath\h\ElementFaces.h" />
    <ClInclude Include="WellPath\h\ElementVertex.h" />
    <ClInclude Include="WellPath\h\ElementWrapper.h" />
    <ClInclude Include="WellPath\h\WellPathCenterPointSet.h" />
    <ClInclude Include="WellPath\h\WellPathSections.h" />
    <ClInclude Include="WellPath\h\WellPathSectionsVertices.h" />
    <ClInclude Include="WellZoomInModel\h\IDeformation.h" />
    <ClInclude Include="WellZoomInModel\h\IWellCasingInternalLoad.h" />
    <ClInclude Include="WellZoomInModel\h\IWellMesh.h" />
    <ClInclude Include="WellZoomInModel\h\IWellModel.h" />
    <ClInclude Include="WellZoomInModel\h\WellCasingCement.h" />
    <ClInclude Include="WellZoomInModel\h\WellCasingCementInitialMaterial.h" />
    <ClInclude Include="WellZoomInModel\h\WellCasingCementInterface.h" />
    <ClInclude Include="WellZoomInModel\h\WellCasingInternalPressure.h" />
    <ClInclude Include="WellZoomInModel\h\WellCasingInternalTemperature.h" />
    <ClInclude Include="WellZoomInModel\h\WellCasingMesh.h" />
    <ClInclude Include="WellZoomInModel\h\WellCasingModel.h" />
    <ClInclude Include="WellZoomInModel\h\WellCasingNode.h" />
    <ClInclude Include="WellZoomInModel\h\WellCasingRTCI.h" />
    <ClInclude Include="WellZoomInModel\h\WellCasingSteel.h" />
    <ClInclude Include="WellZoomInModel\h\WellCasingSteelMaterial.h" />
    <ClInclude Include="WellZoomInModel\h\WellFormation.h" />
    <ClInclude Include="WellZoomInModel\h\WellFormationVolume.h" />
    <ClInclude Include="WellZoomInModel\h\WellModelEntryTypes.h" />
    <ClInclude Include="WellZoomInModel\h\WellZoomInMesh.h" />
    <ClInclude Include="WellZoomInModel\h\WellZoomInModel.h" />
    <ClInclude Include="Zoomin\h\ZoominModelEntry.h" />
    <ClInclude Include="Zoomin\h\ZoominModelPlaceHolder.h" />
    <ClInclude Include="BaseModel\h\3DFormation.h" />
    <ClInclude Include="BaseModel\h\3DHorizon.h" />
    <ClInclude Include="BaseModel\h\3dmodel.h" />
    <ClInclude Include="BaseModel\h\AnalysisPoint.h" />
    <ClInclude Include="BaseModel\h\BaseEntryTypes.h" />
    <ClInclude Include="BaseModel\h\BaseSupportNode.h" />
    <ClInclude Include="BaseModel\h\BoundaryBase.h" />
    <ClInclude Include="BaseModel\h\ConsistencyGuard.h" />
    <ClInclude Include="BaseModel\h\ConvertModeType.h" />
    <ClInclude Include="BaseModel\h\DepletionStage.h" />
    <ClInclude Include="BaseModel\h\ElementOrder.h" />
    <ClInclude Include="BaseModel\h\FaultParametersNode.h" />
    <ClInclude Include="BaseModel\h\FormationBase.h" />
    <ClInclude Include="BaseModel\h\FormationElementOrder.h" />
    <ClInclude Include="BaseModel\h\FormationVolume.h" />
    <ClInclude Include="BaseModel\h\GlobalTemperature.h" />
    <ClInclude Include="BaseModel\h\HDF5StorageInterface.h" />
    <ClInclude Include="BaseModel\h\HorizonBase.h" />
    <ClInclude Include="BaseModel\h\MeasuredTopDisplacementsNode.h" />
    <ClInclude Include="BaseModel\h\MeshBase.h" />
    <ClInclude Include="BaseModel\h\MeshRegionBase.h" />
    <ClInclude Include="BaseModel\h\ModelBase.h" />
    <ClInclude Include="BaseModel\h\ModelLifetimeFacade.h" />
    <ClInclude Include="BaseModel\h\OpenGLNodeSelection.h" />
    <ClInclude Include="BaseModel\h\SetGlobalFaultBehaviour.h" />
    <ClInclude Include="BaseModel\h\ValidateModel.h" />
    <ClInclude Include="CLI\h\CLICommandVisitor.h" />
    <ClInclude Include="CLI\h\CLIParser.h" />
    <ClInclude Include="CLI\h\CLIVisitor.h" />
    <ClInclude Include="Geology\h\CommonPressureComponent.h" />
    <ClInclude Include="Geology\h\ComponentConstant.h" />
    <ClInclude Include="Geology\h\FaultPressure.h" />
    <ClInclude Include="Geology\h\FractureMatrixPressure.h" />
    <ClInclude Include="Geology\h\GeoSurface.h" />
    <ClInclude Include="Geology\h\GlobalPressure.h" />
    <ClInclude Include="Geology\h\NewFormationSectionList.h" />
    <ClInclude Include="Geology\h\NewWellPath.h" />
    <ClInclude Include="Geology\h\NewWellPathInput.h" />
    <ClInclude Include="Geology\h\PointSet.h" />
    <ClInclude Include="Geology\h\Pressure.h" />
    <ClInclude Include="Geology\h\PressureBase.h" />
    <ClInclude Include="Geology\h\StatusValue.h" />
    <ClInclude Include="Geology\h\TSSurfaceProgress.h" />
    <ClInclude Include="Geology\h\WellPathFile.h" />
    <ClInclude Include="GVT\h\GVT123DIImport.h" />
    <ClInclude Include="GVT\h\GVTAnalysis.h" />
    <ClInclude Include="GVT\h\GVTData.h" />
    <ClInclude Include="GVT\h\GVTInputWriter.h" />
    <ClInclude Include="GVT\h\GVTResult.h" />
    <ClInclude Include="GVT\h\GVTSeismicGridDefinition.h" />
    <ClInclude Include="GVT\h\GVTSettings.h" />
    <ClInclude Include="GVT\h\GVTVelocityModel.h" />
    <ClInclude Include="GVT\h\GVTVelocityModelFile.h" />
    <ClInclude Include="GVT\h\GVTVelocityModelFromFile.h" />
    <ClInclude Include="GVT\h\GVTVelocityModelFromMaterial.h" />
    <ClInclude Include="GVT\h\GVTVelocityModelSource.h" />
    <ClInclude Include="GVT\h\GVTVtFile.h" />
    <ClInclude Include="h\AnalysisType.h" />
    <ClInclude Include="h\ApplicationInitialization.h" />
    <ClInclude Include="h\BoundaryInterfaceDef.h" />
    <ClInclude Include="h\BoundaryInterfaceMaterial.h" />
    <ClInclude Include="h\BranchState.h" />
    <ClInclude Include="h\CalculatedTemperature.h" />
    <ClInclude Include="h\CamClayUpscaling.h" />
    <ClInclude Include="h\ColorGradient.h" />
    <ClInclude Include="h\CreatePointSet.h" />
    <ClInclude Include="h\CrossSection.h" />
    <ClInclude Include="h\DCasingDianaSignals.h" />
    <ClInclude Include="h\ElementValueSet.h" />
    <ClInclude Include="h\ExportFormat.h" />
    <ClInclude Include="h\FaultFracture.h" />
    <ClInclude Include="h\FaultFractureList.h" />
    <ClInclude Include="h\FileCopier.h" />
    <ClInclude Include="h\FormationLoad.h" />
    <ClInclude Include="h\FormationLoadBase.h" />
    <ClInclude Include="h\FormationLoadComponent.h" />
    <ClInclude Include="h\FormationLoadGradientComponent.h" />
    <ClInclude Include="h\FormationLoadRepeaterComponent.h" />
    <ClInclude Include="h\FormationPlane.h" />
    <ClInclude Include="h\GeomecTime.h" />
    <ClInclude Include="h\GlobalConstants.h" />
    <ClInclude Include="h\GlobalFormationLoad.h" />
    <ClInclude Include="h\GridDefinition.h" />
    <ClInclude Include="h\HomogenizationBox.h" />
    <ClInclude Include="h\ifaceelmmat.h" />
    <ClInclude Include="h\IFormationFilter.h" />
    <ClInclude Include="h\ImportFormat.h" />
    <ClInclude Include="h\ImportPetrel.h" />
    <ClInclude Include="h\IScalingBox.h" />
    <ClInclude Include="h\KeyFile.h" />
    <ClInclude Include="h\MeshSampler.h" />
    <ClInclude Include="h\MeshSurface.h" />
    <ClInclude Include="h\ModelData.h" />
    <ClInclude Include="h\ModelDiagnostics.h" />
    <ClInclude Include="h\ModelIO.h" />
    <ClInclude Include="h\mSleep.h" />
    <ClInclude Include="h\NewModel.h" />
    <ClInclude Include="h\NonMeshedSurface.h" />
    <ClInclude Include="h\NonMeshedSurfaceParametersNode.h" />
    <ClInclude Include="h\NonMeshedSurfacePressure.h" />
    <ClInclude Include="h\Platform.h" />
    <ClInclude Include="h\PointSetCoordinates.h" />
    <ClInclude Include="h\PropertyExcel.h" />
    <ClInclude Include="h\PropertyFile.h" />
    <ClInclude Include="h\QBSettings.h" />
    <ClInclude Include="h\RetrieveDianaFileNamesConsole.h" />
    <ClInclude Include="h\RotatedSystem.h" />
    <ClInclude Include="h\SaveModelConsole.h" />
    <ClInclude Include="h\ShellGoCadFile.h" />
    <ClInclude Include="h\SpringElement.h" />
    <ClInclude Include="h\StrainLoad.h" />
    <ClInclude Include="h\StringNoCaseLess.h" />
    <ClInclude Include="h\Temperature.h" />
    <ClInclude Include="h\ThinLayerUpscaling.h" />
    <ClInclude Include="h\Upscaling.h" />
    <ClInclude Include="h\ValueCache.h" />
    <ClInclude Include="h\ValueCacheBase.h" />
    <ClInclude Include="h\VersionManager.h" />
    <ClInclude Include="h\VersionNumbers.h" />
    <ClInclude Include="h\VolumetricStrainLoad.h" />
    <ClInclude Include="h\WellPath.h" />
    <ClInclude Include="visitor\h\GeomecModelVisitor.h" />
    <ClInclude Include="diana\h\GeomecMixtureDianaRunner.h" />
    <ClInclude Include="diana\h\GeomecHeatFlowDianaRunner.h" />
    <ClInclude Include="diana\h\GeomecDianaRunner.h" />
    <ClInclude Include="diana\h\GeomecContainmentMixtureDianaRunner.h" />
    <ClInclude Include="diana\h\Geomec3DDianaRunner.h" />
    <ClInclude Include="diana\h\DianaRunController.h" />
    <ClInclude Include="diana\h\DianaLicenseCheck.h" />
    <ClInclude Include="observer\h\MeshObserver.h" />
    <ClInclude Include="observer\h\GlobalValueObserver.h" />
    <ClInclude Include="diana\h\GeomecCompactionDianaRunner.h" />
    <ClInclude Include="diana\h\IWellModelDianaRunner.h" />
    <ClInclude Include="diana\h\WellCasingContainmentMixtureDianaRunner.h" />
    <ClInclude Include="diana\h\WellCasingDianaRunner.h" />
    <ClInclude Include="diana\h\WellCasingDianaRunnerHelper.h" />
    <ClInclude Include="diana\h\WellCasingHeatFlowDianaRunner.h" />
    <ClInclude Include="diana\h\WellCasingMixtureDianaRunner.h" />
    <ClInclude Include="diana\h\WellZoomInDianaRunner.h" />
    <ClInclude Include="MaterialCreator\h\LibraryMaterial.h" />
    <ClInclude Include="MaterialCreator\h\LibraryMaterialParameter.h" />
    <ClInclude Include="MaterialCreator\h\MaterialCreator.h" />
    <ClInclude Include="MaterialCreator\h\MaterialHelperFactory.h" />
    <ClInclude Include="MaterialCreator\h\MaterialLibraryXML.h" />
    <ClInclude Include="MaterialCreator\h\MaterialMappingCache.h" />
    <ClInclude Include="MaterialCreator\h\MaterialModelAnisotropicCamClay.h" />
    <ClInclude Include="MaterialCreator\h\MaterialModelAnisotropy.h" />
    <ClInclude Include="MaterialCreator\h\MaterialModelCamClay.h" />
    <ClInclude Include="MaterialCreator\h\MaterialModelCamClayCreep.h" />
    <ClInclude Include="MaterialCreator\h\MaterialModelCreep.h" />
    <ClInclude Include="MaterialCreator\h\MaterialModelDualCap.h" />
    <ClInclude Include="MaterialCreator\h\MaterialModelDualCapLinEla.h" />
    <ClInclude Include="MaterialCreator\h\MaterialModelFractureAnisotropy.h" />
    <ClInclude Include="MaterialCreator\h\MaterialModelFractureAperture.h" />
    <ClInclude Include="MaterialCreator\h\MaterialModelFractureAperture2.h" />
    <ClInclude Include="MaterialCreator\h\MaterialModelLinear.h" />
    <ClInclude Include="MaterialCreator\h\MaterialModelMCCohesionHard1.h" />
    <ClInclude Include="MaterialCreator\h\MaterialModelMCCohesionHard2.h" />
    <ClInclude Include="MaterialCreator\h\MaterialModelMCCohesionHard3.h" />
    <ClInclude Include="MaterialCreator\h\MaterialModelMCFrictionHard1.h" />
    <ClInclude Include="MaterialCreator\h\MaterialModelMCFrictionHard2.h" />
    <ClInclude Include="MaterialCreator\h\MaterialModelMCFrictionHard3.h" />
    <ClInclude Include="MaterialCreator\h\MaterialModelMCHardeningCheckStrategies.h" />
    <ClInclude Include="MaterialCreator\h\MaterialModelModifiedMohrCoulomb.h" />
    <ClInclude Include="MaterialCreator\h\MaterialModelMohrCoulomb.h" />
    <ClInclude Include="MaterialCreator\h\MaterialModelRigidity.h" />
    <ClInclude Include="MaterialCreator\h\MaterialModelUndrained.h" />
    <ClInclude Include="MaterialCreator\h\MaterialModelUpscaledAnisotropy.h" />
    <ClInclude Include="MaterialCreator\h\Materials.h" />
    <ClInclude Include="MaterialCreator\h\MaterialUnitTypes.h" />
    <ClInclude Include="MaterialCreator\h\StressStrain.h" />
    <ClInclude Include="Material\h\IMaterial.h" />
    <ClInclude Include="Material\h\IMaterialBase.h" />
    <ClInclude Include="Material\h\IMaterialRock.h" />
    <ClInclude Include="Material\h\IMaterialServerBase.h" />
    <ClInclude Include="Material\h\IMaterialServerTempl.h" />
    <ClInclude Include="Material\h\InterfaceBoundary.h" />
    <ClInclude Include="Material\h\InterfaceMaterial.h" />
    <ClInclude Include="Material\h\IRockMaterialServerTempl.h" />
    <ClInclude Include="Material\h\isMaterialConnected.h" />
    <ClInclude Include="Material\h\Material.h" />
    <ClInclude Include="Material\h\MaterialAnisotropicCamClay.h" />
    <ClInclude Include="Material\h\MaterialCamClay.h" />
    <ClInclude Include="Material\h\MaterialCamClayCreep.h" />
    <ClInclude Include="Material\h\MaterialCreep.h" />
    <ClInclude Include="Material\h\MaterialDualCapLinEla.h" />
    <ClInclude Include="Material\h\MaterialEntry.h" />
    <ClInclude Include="Material\h\MaterialFactory.h" />
    <ClInclude Include="Material\h\MaterialFractAnisotropy.h" />
    <ClInclude Include="Material\h\MaterialFractureAperture.h" />
    <ClInclude Include="Material\h\MaterialFractureAperture2.h" />
    <ClInclude Include="Material\h\MaterialFractureApertureBase.h" />
    <ClInclude Include="Material\h\MaterialLinear.h" />
    <ClInclude Include="Material\h\materialmccohesionhard1.h" />
    <ClInclude Include="Material\h\materialmccohesionhard2.h" />
    <ClInclude Include="Material\h\materialmccohesionhard3.h" />
    <ClInclude Include="Material\h\materialmcfrictionhard1.h" />
    <ClInclude Include="Material\h\materialmcfrictionhard2.h" />
    <ClInclude Include="Material\h\materialmcfrictionhard3.h" />
    <ClInclude Include="Material\h\MaterialModMohrCo.h" />
    <ClInclude Include="Material\h\MaterialMohrCo.h" />
    <ClInclude Include="Material\h\MaterialParameter.h" />
    <ClInclude Include="Material\h\MaterialRigidity.h" />
    <ClInclude Include="Material\h\MaterialServer.h" />
    <ClInclude Include="Material\h\MaterialServerParent.h" />
    <ClInclude Include="Material\h\MaterialUndrained.h" />
    <ClInclude Include="Material\h\MaterialUpscaledAnisotropy.h" />
    <ClInclude Include="BaseModel\h\MeshRefinementModel.h" />
    <ClInclude Include="h\RBox.h" />
    <ClInclude Include="TetraModel\GoCad\h\SKUAParserDataIO.h" />
    <ClInclude Include="TetraModel\h\DSFIntermediateSurfaceGenerator.h" />
    <ClInclude Include="TetraModel\h\DSFSurfaceCombiner.h" />
    <ClInclude Include="TetraModel\h\DSFHelper.h" />
    <ClInclude Include="diana\h\FilosFatalHandler.h" />
    <ClInclude Include="h\DSA_Context.h" />
    <ClInclude Include="View\h\GroupNode.h" />
    <ClInclude Include="WellZoomInModel\h\WellTetraMesher.h" />
    <ClInclude Include="h\RunAnalysis_CLI.h" />
    <ClInclude Include="BaseModel\h\GeneralDataBlock.h" />
  </ItemGroup>
  <ItemGroup>
    <ClCompile Include="HexaModel\src\HexaBoundary.cpp" />
    <ClCompile Include="HexaModel\src\HexaFormation.cpp" />
    <ClCompile Include="HexaModel\src\HexaHorizon.cpp" />
    <ClCompile Include="HexaModel\src\HexaMesh.cpp" />
    <ClCompile Include="HexaModel\src\HexaMesher.cpp" />
    <ClCompile Include="HexaModel\src\HexaMesherNG.cpp" />
    <ClCompile Include="HexaModel\src\hexameshregion.cpp" />
    <ClCompile Include="HexaModel\src\HexaMetaMesh.cpp" />
    <ClCompile Include="HexaModel\src\HexaModel.cpp" />
    <ClCompile Include="HexaModel\src\hexamodelsaveload.cpp" />
    <ClCompile Include="HexaModel\src\HexaSurface.cpp" />
    <ClCompile Include="HexaModel\src\IHexaMesher.cpp" />
    <ClCompile Include="src\AnalysisType.cpp" />
    <ClCompile Include="src\ApplicationInitialization.cpp" />
    <ClCompile Include="src\BoundaryInterfaceDef.cpp" />
    <ClCompile Include="src\BoundaryInterfaceMaterial.cpp" />
    <ClCompile Include="src\BranchState.cpp" />
    <ClCompile Include="src\CalculatedTemperature.cpp" />
    <ClCompile Include="src\CamClayUpscaling.cpp" />
    <ClCompile Include="src\ColorGradient.cpp" />
    <ClCompile Include="src\CreatePointSet.cpp" />
    <ClCompile Include="src\CrossSection.cpp" />
    <ClCompile Include="src\DCasingDianaSignals.cpp" />
    <ClCompile Include="src\ElementValueSet.cpp" />
    <ClCompile Include="src\ExportFormat.cpp" />
    <ClCompile Include="src\FaultFracture.cpp" />
    <ClCompile Include="src\FaultFractureList.cpp" />
    <ClCompile Include="src\FileCopier.cpp" />
    <ClCompile Include="src\FormationPlane.cpp" />
    <ClCompile Include="src\GeomecTime.cpp" />
    <ClCompile Include="src\GridDefinition.cpp" />
    <ClCompile Include="src\HomogenizationBox.cpp" />
    <ClCompile Include="src\ifaceelmmat.cpp" />
    <ClCompile Include="src\IFormationFilter.cpp" />
    <ClCompile Include="src\ImportFormat.cpp" />
    <ClCompile Include="src\ImportPetrel.cpp" />
    <ClCompile Include="src\IScalingBox.cpp" />
    <ClCompile Include="src\KeyFile.cpp" />
    <ClCompile Include="src\MeshSampler.cpp" />
    <ClCompile Include="src\MeshSurface.cpp" />
    <ClCompile Include="src\ModelData.cpp" />
    <ClCompile Include="src\ModelIO.cpp" />
    <ClCompile Include="src\mSleep.cpp" />
    <ClCompile Include="src\NewModel.cpp" />
    <ClCompile Include="src\NonMeshedSurface.cpp" />
    <ClCompile Include="src\NonMeshedSurfaceParametersNode.cpp" />
    <ClCompile Include="src\NonMeshedSurfacePressure.cpp" />
    <ClCompile Include="src\Platform.cpp" />
    <ClCompile Include="src\PointSetCoordinates.cpp" />
    <ClCompile Include="src\PropertyFile.cpp" />
    <ClCompile Include="src\QBSettings.cpp" />
    <ClCompile Include="src\RetrieveDianaFileNamesConsole.cpp" />
    <ClCompile Include="src\RotatedSystem.cpp" />
    <ClCompile Include="src\SaveModelConsole.cpp" />
    <ClCompile Include="src\ShellGoCadFile.cpp" />
    <ClCompile Include="src\SpringElement.cpp" />
    <ClCompile Include="src\StrainLoad.cpp" />
    <ClCompile Include="src\Temperature.cpp" />
    <ClCompile Include="src\ThinLayerUpscaling.cpp" />
    <ClCompile Include="src\Upscaling.cpp" />
    <ClCompile Include="src\ValueCacheBase.cpp" />
    <ClCompile Include="src\VersionManager.cpp" />
    <ClCompile Include="src\VolumetricStrainLoad.cpp" />
    <ClCompile Include="src\WellPath.cpp" />
    <ClCompile Include="TetraModel\Eclipse\src\EclipseBody.cpp" />
    <ClCompile Include="TetraModel\Eclipse\src\EclipseModel.cpp" />
    <ClCompile Include="TetraModel\GoCad\src\GocadData.cpp" />
    <ClCompile Include="TetraModel\GoCad\src\GocadExport.cpp" />
    <ClCompile Include="TetraModel\GoCad\src\GocadImport.cpp" />
    <ClCompile Include="TetraModel\GoCad\src\GocadMeshImporter.cpp" />
    <ClCompile Include="TetraModel\GoCad\src\GoCadModel.cpp" />
    <ClCompile Include="TetraModel\src\3DSupportNode.cpp" />
    <ClCompile Include="TetraModel\src\DisplacementSupportNode.cpp" />
    <ClCompile Include="TetraModel\src\MeshProgress.cpp" />
    <ClCompile Include="TetraModel\src\PressureSupportNode.cpp" />
    <ClCompile Include="TetraModel\src\TetraBoundary.cpp" />
    <ClCompile Include="TetraModel\src\TetraFormation.cpp" />
    <ClCompile Include="TetraModel\src\TetraHorizonBase.cpp" />
    <ClCompile Include="TetraModel\src\TetraMesh.cpp" />
    <ClCompile Include="TetraModel\src\TetraModel.cpp" />
    <ClCompile Include="TetraModel\src\TetraSubBoundary.cpp" />
    <ClCompile Include="TetraModel\src\TetraSubHorizon.cpp" />
    <ClCompile Include="TetraModel\src\TetraSuperHorizon.cpp" />
    <ClCompile Include="TetraModel\src\TetraSurface.cpp" />
    <ClCompile Include="Value\src\CacheInterface.cpp" />
    <ClCompile Include="Value\src\CacheManager.cpp" />
    <ClCompile Include="Value\src\DerivedResult.1.0.9.cpp" />
    <ClCompile Include="Value\src\DerivedResult.cpp" />
    <ClCompile Include="Value\src\ElementSet.cpp" />
    <ClCompile Include="Value\src\ExportResultData.cpp" />
    <ClCompile Include="Value\src\ExportResultDataEntry.cpp" />
    <ClCompile Include="Value\src\ExportResultDataXML.cpp" />
    <ClCompile Include="Value\src\ExportResults.cpp" />
    <ClCompile Include="Value\src\ExportSelection.cpp" />
    <ClCompile Include="Value\src\FillMaterialParameterProxies.cpp" />
    <ClCompile Include="Value\src\FractTensor.cpp" />
    <ClCompile Include="Value\src\GeomecIValueSet.cpp" />
    <ClCompile Include="Value\src\GlobalInitialStressNode.cpp" />
    <ClCompile Include="Value\src\GocadElementSet.cpp" />
    <ClCompile Include="Value\src\IPointSet.cpp" />
    <ClCompile Include="Value\src\IStrainTensorGroup.cpp" />
    <ClCompile Include="Value\src\IStressTensorGroup.cpp" />
    <ClCompile Include="Value\src\ITensorGroup.cpp" />
    <ClCompile Include="Value\src\IVectorResult.cpp" />
    <ClCompile Include="Value\src\LasPointSet.cpp" />
    <ClCompile Include="Value\src\LocalResult.cpp" />
    <ClCompile Include="Value\src\LogASCIIStandardFile.cpp" />
    <ClCompile Include="Value\src\MaterialResultTree.cpp" />
    <ClCompile Include="Value\src\MatParamsTensor.cpp" />
    <ClCompile Include="Value\src\MeshResultTree.cpp" />
    <ClCompile Include="Value\src\NodalValueSet.cpp" />
    <ClCompile Include="Value\src\Result.cpp" />
    <ClCompile Include="Value\src\ResultCache.cpp" />
    <ClCompile Include="Value\src\ResultExporter.cpp" />
    <ClCompile Include="Value\src\ResultInfo.cpp" />
    <ClCompile Include="Value\src\ResultRegister.cpp" />
    <ClCompile Include="Value\src\ResultTree.cpp" />
    <ClCompile Include="Value\src\RpnFormationOperand.cpp" />
    <ClCompile Include="Value\src\RpnValueSet.cpp" />
    <ClCompile Include="Value\src\ScalarValueSet.cpp" />
    <ClCompile Include="Value\src\StaborResult.cpp" />
    <ClCompile Include="Value\src\stress.cpp" />
    <ClCompile Include="Value\src\TextTagUtils.cpp" />
    <ClCompile Include="Value\src\UnitConversion.cpp" />
    <ClCompile Include="Value\src\ValueComponent.cpp" />
    <ClCompile Include="Value\src\ValueMapper.cpp" />
    <ClCompile Include="Value\src\ValueTensor.cpp" />
    <ClCompile Include="Value\src\ValueType.cpp" />
    <ClCompile Include="Value\src\ValueTypeFactory.cpp" />
    <ClCompile Include="Value\src\VectorValueSet.cpp" />
    <ClCompile Include="Value\src\WP_Helper.cpp" />
    <ClCompile Include="Value\src\WriteLogASCIIStandardFile.cpp" />
    <ClCompile Include="View\src\ColorScaleEntry.cpp" />
    <ClCompile Include="View\src\HotSpot.cpp" />
    <ClCompile Include="WellPath\src\ElementFace.cpp" />
    <ClCompile Include="WellPath\src\ElementFaces.cpp" />
    <ClCompile Include="WellPath\src\ElementVertex.cpp" />
    <ClCompile Include="WellPath\src\ElementWrapper.cpp" />
    <ClCompile Include="WellPath\src\WellPathCenterPointSet.cpp" />
    <ClCompile Include="WellPath\src\WellPathSections.cpp" />
    <ClCompile Include="WellPath\src\WellPathSectionsVertices.cpp" />
    <ClCompile Include="WellZoomInModel\src\IWellMesh.cpp" />
    <ClCompile Include="WellZoomInModel\src\IWellModel.cpp" />
    <ClCompile Include="WellZoomInModel\src\WellCasingCement.cpp" />
    <ClCompile Include="WellZoomInModel\src\WellCasingCementInitialMaterial.cpp" />
    <ClCompile Include="WellZoomInModel\src\WellCasingCementInterface.cpp" />
    <ClCompile Include="WellZoomInModel\src\WellCasingInternalPressure.cpp" />
    <ClCompile Include="WellZoomInModel\src\WellCasingInternalTemperature.cpp" />
    <ClCompile Include="WellZoomInModel\src\WellCasingMesh.cpp" />
    <ClCompile Include="WellZoomInModel\src\WellCasingModel.cpp" />
    <ClCompile Include="WellZoomInModel\src\WellCasingNode.cpp" />
    <ClCompile Include="WellZoomInModel\src\WellCasingRTCI.cpp" />
    <ClCompile Include="WellZoomInModel\src\WellCasingSteel.cpp" />
    <ClCompile Include="WellZoomInModel\src\WellCasingSteelMaterial.cpp" />
    <ClCompile Include="WellZoomInModel\src\WellFormation.cpp" />
    <ClCompile Include="WellZoomInModel\src\WellFormationVolume.cpp" />
    <ClCompile Include="WellZoomInModel\src\WellZoomInMesh.cpp" />
    <ClCompile Include="WellZoomInModel\src\WellZoomInModel.cpp" />
    <ClCompile Include="Zoomin\src\ZoominModelEntry.cpp" />
    <ClCompile Include="Zoomin\src\ZoominModelPlaceHolder.cpp" />
    <ClCompile Include="BaseModel\src\3DFormation.cpp" />
    <ClCompile Include="BaseModel\src\3DHorizon.cpp" />
    <ClCompile Include="BaseModel\src\3dmodel.cpp" />
    <ClCompile Include="BaseModel\src\AnalysisPoint.cpp" />
    <ClCompile Include="BaseModel\src\BaseSupportNode.cpp" />
    <ClCompile Include="BaseModel\src\BoundaryBase.cpp" />
    <ClCompile Include="BaseModel\src\ConsistencyGuard.cpp" />
    <ClCompile Include="BaseModel\src\ConvertModeType.cpp" />
    <ClCompile Include="BaseModel\src\DepletionStage.cpp" />
    <ClCompile Include="BaseModel\src\ElementOrder.cpp" />
    <ClCompile Include="BaseModel\src\FaultParametersNode.cpp" />
    <ClCompile Include="BaseModel\src\FormationBase.cpp" />
    <ClCompile Include="BaseModel\src\FormationElementOrder.cpp" />
    <ClCompile Include="BaseModel\src\FormationVolume.cpp" />
    <ClCompile Include="BaseModel\src\GlobalTemperature.cpp" />
    <ClCompile Include="BaseModel\src\HDF5StorageInterface.cpp" />
    <ClCompile Include="BaseModel\src\HorizonBase.cpp" />
    <ClCompile Include="BaseModel\src\MeasuredTopDisplacementsNode.cpp" />
    <ClCompile Include="BaseModel\src\MeshBase.cpp" />
    <ClCompile Include="BaseModel\src\MeshRegionBase.cpp" />
    <ClCompile Include="BaseModel\src\ModelBase.cpp" />
    <ClCompile Include="BaseModel\src\ModelLifetimeFacade.cpp" />
    <ClCompile Include="BaseModel\src\OpenGLNodeSelection.cpp" />
    <ClCompile Include="BaseModel\src\SetGlobalFaultBehaviour.cpp" />
    <ClCompile Include="BaseModel\src\ValidateModel.cpp" />
    <ClCompile Include="CLI\src\CLICommandVisitor.cpp" />
    <ClCompile Include="CLI\src\CLIParser.cpp" />
    <ClCompile Include="CLI\src\CLIVisitor.cpp" />
    <ClCompile Include="Geology\src\FaultPressure.cpp" />
    <ClCompile Include="Geology\src\FractureMatrixPressure.cpp" />
    <ClCompile Include="Geology\src\GeoSurface.cpp" />
    <ClCompile Include="Geology\src\GlobalPressure.cpp" />
    <ClCompile Include="Geology\src\NewFormationSectionList.cpp" />
    <ClCompile Include="Geology\src\NewWellPath.cpp" />
    <ClCompile Include="Geology\src\NewWellPathInput.cpp" />
    <ClCompile Include="Geology\src\PointSet.cpp" />
    <ClCompile Include="Geology\src\Pressure.cpp" />
    <ClCompile Include="Geology\src\StatusValue.cpp" />
    <ClCompile Include="Geology\src\TSSurfaceProgress.cpp" />
    <ClCompile Include="Geology\src\WellPathFile.cpp" />
    <ClCompile Include="Geology\src\WellPathIntermediate.cpp" />
    <ClCompile Include="GUI\src\NewModelConsole.cpp" />
    <ClCompile Include="GVT\src\GVT123DIImport.cpp" />
    <ClCompile Include="GVT\src\GVTAnalysis.cpp" />
    <ClCompile Include="GVT\src\GVTData.cpp" />
    <ClCompile Include="GVT\src\GVTInputWriter.cpp" />
    <ClCompile Include="GVT\src\GVTResult.cpp" />
    <ClCompile Include="GVT\src\GVTSeismicGridDefinition.cpp" />
    <ClCompile Include="GVT\src\GVTSettings.cpp" />
    <ClCompile Include="GVT\src\GVTVelocityModel.cpp" />
    <ClCompile Include="GVT\src\GVTVelocityModelFile.cpp" />
    <ClCompile Include="GVT\src\GVTVelocityModelFromFile.cpp" />
    <ClCompile Include="GVT\src\GVTVelocityModelFromMaterial.cpp" />
    <ClCompile Include="GVT\src\GVTVelocityModelSource.cpp" />
    <ClCompile Include="GVT\src\GVTVtFile.cpp" />
    <ClCompile Include="visitor\src\GeomecModelVisitor.cpp" />
    <ClCompile Include="observer\src\MeshObserver.cpp" />
    <ClCompile Include="diana\src\GeomecMixtureDianaRunner.cpp" />
    <ClCompile Include="diana\src\GeomecHeatFlowDianaRunner.cpp" />
    <ClCompile Include="diana\src\GeomecDianaRunner.cpp" />
    <ClCompile Include="diana\src\GeomecContainmentMixtureDianaRunner.cpp" />
    <ClCompile Include="diana\src\Geomec3DDianaRunner.cpp" />
    <ClCompile Include="diana\src\DianaRunController.cpp" />
    <ClCompile Include="diana\src\DianaLicenseCheck.cpp" />
    <ClCompile Include="diana\src\GeomecCompactionDianaRunner.cpp" />
    <ClCompile Include="diana\src\IWellModelDianaRunner.cpp" />
    <ClCompile Include="diana\src\WellCasingContainmentMixtureDianaRunner.cpp" />
    <ClCompile Include="diana\src\WellCasingDianaRunner.cpp" />
    <ClCompile Include="diana\src\WellCasingDianaRunnerHelper.cpp" />
    <ClCompile Include="diana\src\WellCasingHeatFlowDianaRunner.cpp" />
    <ClCompile Include="diana\src\WellCasingMixtureDianaRunner.cpp" />
    <ClCompile Include="diana\src\WellZoomInDianaRunner.cpp" />
    <ClCompile Include="MaterialCreator\src\LibraryMaterial.cpp" />
    <ClCompile Include="MaterialCreator\src\LibraryMaterialParameter.cpp" />
    <ClCompile Include="MaterialCreator\src\MaterialCreator.cpp" />
    <ClCompile Include="MaterialCreator\src\MaterialHelperFactory.cpp" />
    <ClCompile Include="MaterialCreator\src\MaterialLibraryXML.cpp" />
    <ClCompile Include="MaterialCreator\src\MaterialMappingCache.cpp" />
    <ClCompile Include="MaterialCreator\src\MaterialModelAnisotropicCamClay.cpp" />
    <ClCompile Include="MaterialCreator\src\MaterialModelAnisotropy.cpp" />
    <ClCompile Include="MaterialCreator\src\MaterialModelCamClay.cpp" />
    <ClCompile Include="MaterialCreator\src\MaterialModelCamClayCreep.cpp" />
    <ClCompile Include="MaterialCreator\src\MaterialModelCreep.cpp" />
    <ClCompile Include="MaterialCreator\src\MaterialModelDualCap.cpp" />
    <ClCompile Include="MaterialCreator\src\MaterialModelDualCapLinEla.cpp" />
    <ClCompile Include="MaterialCreator\src\MaterialModelFractureAnisotropy.cpp" />
    <ClCompile Include="MaterialCreator\src\MaterialModelFractureAperture.cpp" />
    <ClCompile Include="MaterialCreator\src\MaterialModelFractureAperture2.cpp" />
    <ClCompile Include="MaterialCreator\src\MaterialModelLinear.cpp" />
    <ClCompile Include="MaterialCreator\src\MaterialModelMCCohesionHard1.cpp" />
    <ClCompile Include="MaterialCreator\src\MaterialModelMCCohesionHard2.cpp" />
    <ClCompile Include="MaterialCreator\src\MaterialModelMCCohesionHard3.cpp" />
    <ClCompile Include="MaterialCreator\src\MaterialModelMCFrictionHard1.cpp" />
    <ClCompile Include="MaterialCreator\src\MaterialModelMCFrictionHard2.cpp" />
    <ClCompile Include="MaterialCreator\src\MaterialModelMCFrictionHard3.cpp" />
    <ClCompile Include="MaterialCreator\src\MaterialModelMCHardeningCheckStrategies.cpp" />
    <ClCompile Include="MaterialCreator\src\MaterialModelModifiedMohrCoulomb.cpp" />
    <ClCompile Include="MaterialCreator\src\MaterialModelMohrCoulomb.cpp" />
    <ClCompile Include="MaterialCreator\src\MaterialModelRigidity.cpp" />
    <ClCompile Include="MaterialCreator\src\MaterialModelUndrained.cpp" />
    <ClCompile Include="MaterialCreator\src\MaterialModelUpscaledAnisotropy.cpp" />
    <ClCompile Include="MaterialCreator\src\Materials.cpp" />
    <ClCompile Include="MaterialCreator\src\MaterialUnitTypes.cpp" />
    <ClCompile Include="Material\src\IMaterial.cpp" />
    <ClCompile Include="Material\src\IMaterialBase.cpp" />
    <ClCompile Include="Material\src\IMaterialRock.cpp" />
    <ClCompile Include="Material\src\IMaterialServerBase.cpp" />
    <ClCompile Include="Material\src\InterfaceBoundary.cpp" />
    <ClCompile Include="Material\src\InterfaceMaterial.cpp" />
    <ClCompile Include="Material\src\isMaterialConnected.cpp" />
    <ClCompile Include="Material\src\Material.cpp" />
    <ClCompile Include="Material\src\MaterialAnisotropicCamClay.cpp" />
    <ClCompile Include="Material\src\MaterialCamClay.cpp" />
    <ClCompile Include="Material\src\MaterialCamClayCreep.cpp" />
    <ClCompile Include="Material\src\MaterialCreep.cpp" />
    <ClCompile Include="Material\src\MaterialDualCapLinEla.cpp" />
    <ClCompile Include="Material\src\MaterialEntry.cpp" />
    <ClCompile Include="Material\src\MaterialFactory.cpp" />
    <ClCompile Include="Material\src\MaterialFractAnisotropy.cpp" />
    <ClCompile Include="Material\src\MaterialFractureAperture.cpp" />
    <ClCompile Include="Material\src\MaterialFractureAperture2.cpp" />
    <ClCompile Include="Material\src\MaterialFractureApertureBase.cpp" />
    <ClCompile Include="Material\src\MaterialLinear.cpp" />
    <ClCompile Include="Material\src\materialmccohesionhard1.cpp" />
    <ClCompile Include="Material\src\materialmccohesionhard2.cpp" />
    <ClCompile Include="Material\src\materialmccohesionhard3.cpp" />
    <ClCompile Include="Material\src\materialmcfrictionhard1.cpp" />
    <ClCompile Include="Material\src\materialmcfrictionhard2.cpp" />
    <ClCompile Include="Material\src\materialmcfrictionhard3.cpp" />
    <ClCompile Include="Material\src\MaterialModMohrCo.cpp" />
    <ClCompile Include="Material\src\MaterialMohrCo.cpp" />
    <ClCompile Include="Material\src\MaterialParameter.cpp" />
    <ClCompile Include="Material\src\MaterialRigidity.cpp" />
    <ClCompile Include="Material\src\MaterialServer.cpp" />
    <ClCompile Include="Material\src\MaterialUndrained.cpp" />
    <ClCompile Include="Material\src\MaterialUpscaledAnisotropy.cpp" />
    <ClCompile Include="Geology\moc\moc_WellPathIntermediate.cpp" />
    <ClCompile Include="BaseModel\src\MeshRefinementModel.cpp" />
    <ClCompile Include="src\RBox.cpp" />
    <ClCompile Include="TetraModel\GoCad\src\SKUAParserDataIO.cpp" />
    <ClCompile Include="TetraModel\src\DSFIntermediateSurfaceGenerator.cpp" />
    <ClCompile Include="TetraModel\src\DSFSurfaceCombiner.cpp" />
    <ClCompile Include="TetraModel\src\DSFHelper.cpp" />
    <ClCompile Include="diana\src\FilosFatalHandler.cpp" />
    <ClCompile Include="src\DSA_Context.cpp" />
    <ClCompile Include="View\src\GroupNode.cpp" />
    <ClCompile Include="WellZoomInModel\src\WellTetraMesher.cpp" />
    <ClCompile Include="src\RunAnalysis_CLI.cpp" />
    <ClCompile Include="BaseModel\src\GeneralDataBlock.cpp" />
  </ItemGroup>
  <ItemGroup>
    <CustomBuild Include="Geology\h\WellPathIntermediate.h" />
  </ItemGroup>
  <ItemGroup>
    <None Include="ClassDiagram.cd" />
  </ItemGroup>
</Project>